// !$*UTF8*$!
{
	archiveVersion = 1;
	classes = {
	};
	objectVersion = 56;
	objects = {

/* Begin PBXBuildFile section */
		2118D86929E31C82006753C0 /* ExampleApp.swift in Sources */ = {isa = PBXBuildFile; fileRef = 2118D86829E31C82006753C0 /* ExampleApp.swift */; };
		2118D86B29E31C82006753C0 /* ContentView.swift in Sources */ = {isa = PBXBuildFile; fileRef = 2118D86A29E31C82006753C0 /* ContentView.swift */; };
		2118D86D29E31C85006753C0 /* Assets.xcassets in Resources */ = {isa = PBXBuildFile; fileRef = 2118D86C29E31C85006753C0 /* Assets.xcassets */; };
		2118D87129E31C85006753C0 /* Preview Assets.xcassets in Resources */ = {isa = PBXBuildFile; fileRef = 2118D87029E31C85006753C0 /* Preview Assets.xcassets */; };
		2118D87929E31F8C006753C0 /* Lens in Frameworks */ = {isa = PBXBuildFile; productRef = 2118D87829E31F8C006753C0 /* Lens */; };
		211E0E2E29EDD55200EBE5CB /* MagicSDK in Frameworks */ = {isa = PBXBuildFile; productRef = 211E0E2D29EDD55200EBE5CB /* MagicSDK */; };
		211E0E3029EDEE5200EBE5CB /* ContentViewModel.swift in Sources */ = {isa = PBXBuildFile; fileRef = 211E0E2F29EDEE5200EBE5CB /* ContentViewModel.swift */; };
		211E0E3329EDFA2200EBE5CB /* Wallet.swift in Sources */ = {isa = PBXBuildFile; fileRef = 211E0E3229EDFA2200EBE5CB /* Wallet.swift */; };
		212D130829E710C30094560E /* ExplorePublicationsViewModelTests.swift in Sources */ = {isa = PBXBuildFile; fileRef = 212D130729E710C30094560E /* ExplorePublicationsViewModelTests.swift */; };
		212D130A29E71FC80094560E /* LensTestTools in Frameworks */ = {isa = PBXBuildFile; productRef = 212D130929E71FC80094560E /* LensTestTools */; };
		212D130C29E71FF00094560E /* World.swift in Sources */ = {isa = PBXBuildFile; fileRef = 212D130B29E71FF00094560E /* World.swift */; };
		213F8FA329E7327C00473E5B /* SnapshotTesting in Frameworks */ = {isa = PBXBuildFile; productRef = 213F8FA229E7327C00473E5B /* SnapshotTesting */; };
		213F8FA529E732A300473E5B /* ExplorePublicationsViewSnapshotTests.swift in Sources */ = {isa = PBXBuildFile; fileRef = 213F8FA429E732A300473E5B /* ExplorePublicationsViewSnapshotTests.swift */; };
		219F875229E87384004B55C2 /* Snapshotting+Tests.swift in Sources */ = {isa = PBXBuildFile; fileRef = 219F875129E87384004B55C2 /* Snapshotting+Tests.swift */; };
		219F875629E87657004B55C2 /* PostRow.swift in Sources */ = {isa = PBXBuildFile; fileRef = 219F875529E87657004B55C2 /* PostRow.swift */; };
		219F875829E87749004B55C2 /* PostRowModel.swift in Sources */ = {isa = PBXBuildFile; fileRef = 219F875729E87749004B55C2 /* PostRowModel.swift */; };
		219F875A29E87875004B55C2 /* ExplorePublicationsRow.swift in Sources */ = {isa = PBXBuildFile; fileRef = 219F875929E87875004B55C2 /* ExplorePublicationsRow.swift */; };
		219F875D29E87985004B55C2 /* View+Example.swift in Sources */ = {isa = PBXBuildFile; fileRef = 219F875C29E87985004B55C2 /* View+Example.swift */; };
		219F876129E87BB2004B55C2 /* CommentRow.swift in Sources */ = {isa = PBXBuildFile; fileRef = 219F876029E87BB2004B55C2 /* CommentRow.swift */; };
		219F876329E87BBD004B55C2 /* CommentRowModel.swift in Sources */ = {isa = PBXBuildFile; fileRef = 219F876229E87BBD004B55C2 /* CommentRowModel.swift */; };
		219F876529E88C6F004B55C2 /* Formatters.swift in Sources */ = {isa = PBXBuildFile; fileRef = 219F876429E88C6F004B55C2 /* Formatters.swift */; };
		219F876829E88F27004B55C2 /* Kingfisher in Frameworks */ = {isa = PBXBuildFile; productRef = 219F876729E88F27004B55C2 /* Kingfisher */; };
		219F876D29E894B8004B55C2 /* KFImage+Example.swift in Sources */ = {isa = PBXBuildFile; fileRef = 219F876C29E894B8004B55C2 /* KFImage+Example.swift */; };
		219F877029E897BD004B55C2 /* PubBylineView.swift in Sources */ = {isa = PBXBuildFile; fileRef = 219F876F29E897BD004B55C2 /* PubBylineView.swift */; };
		219F877329E898D1004B55C2 /* PubContentView.swift in Sources */ = {isa = PBXBuildFile; fileRef = 219F877229E898D1004B55C2 /* PubContentView.swift */; };
		219F877529E8A058004B55C2 /* MediaType.swift in Sources */ = {isa = PBXBuildFile; fileRef = 219F877429E8A058004B55C2 /* MediaType.swift */; };
		21BEB5CD29E6F273008BC970 /* ExplorePublicationsView.swift in Sources */ = {isa = PBXBuildFile; fileRef = 21BEB5CC29E6F273008BC970 /* ExplorePublicationsView.swift */; };
		21BEB5CF29E6F45C008BC970 /* ExplorePublicationsViewModel.swift in Sources */ = {isa = PBXBuildFile; fileRef = 21BEB5CE29E6F45C008BC970 /* ExplorePublicationsViewModel.swift */; };
/* End PBXBuildFile section */

/* Begin PBXContainerItemProxy section */
		212D130029E7104A0094560E /* PBXContainerItemProxy */ = {
			isa = PBXContainerItemProxy;
			containerPortal = 2118D85D29E31C82006753C0 /* Project object */;
			proxyType = 1;
			remoteGlobalIDString = 2118D86429E31C82006753C0;
			remoteInfo = Example;
		};
/* End PBXContainerItemProxy section */

/* Begin PBXFileReference section */
		2118D86529E31C82006753C0 /* Example.app */ = {isa = PBXFileReference; explicitFileType = wrapper.application; includeInIndex = 0; path = Example.app; sourceTree = BUILT_PRODUCTS_DIR; };
		2118D86829E31C82006753C0 /* ExampleApp.swift */ = {isa = PBXFileReference; lastKnownFileType = sourcecode.swift; path = ExampleApp.swift; sourceTree = "<group>"; };
		2118D86A29E31C82006753C0 /* ContentView.swift */ = {isa = PBXFileReference; lastKnownFileType = sourcecode.swift; path = ContentView.swift; sourceTree = "<group>"; };
		2118D86C29E31C85006753C0 /* Assets.xcassets */ = {isa = PBXFileReference; lastKnownFileType = folder.assetcatalog; path = Assets.xcassets; sourceTree = "<group>"; };
		2118D86E29E31C85006753C0 /* Example.entitlements */ = {isa = PBXFileReference; lastKnownFileType = text.plist.entitlements; path = Example.entitlements; sourceTree = "<group>"; };
		2118D87029E31C85006753C0 /* Preview Assets.xcassets */ = {isa = PBXFileReference; lastKnownFileType = folder.assetcatalog; path = "Preview Assets.xcassets"; sourceTree = "<group>"; };
		211E0E2F29EDEE5200EBE5CB /* ContentViewModel.swift */ = {isa = PBXFileReference; lastKnownFileType = sourcecode.swift; path = ContentViewModel.swift; sourceTree = "<group>"; };
		211E0E3229EDFA2200EBE5CB /* Wallet.swift */ = {isa = PBXFileReference; lastKnownFileType = sourcecode.swift; path = Wallet.swift; sourceTree = "<group>"; };
		212D12FC29E7104A0094560E /* ExampleTests.xctest */ = {isa = PBXFileReference; explicitFileType = wrapper.cfbundle; includeInIndex = 0; path = ExampleTests.xctest; sourceTree = BUILT_PRODUCTS_DIR; };
		212D130729E710C30094560E /* ExplorePublicationsViewModelTests.swift */ = {isa = PBXFileReference; lastKnownFileType = sourcecode.swift; path = ExplorePublicationsViewModelTests.swift; sourceTree = "<group>"; };
		212D130B29E71FF00094560E /* World.swift */ = {isa = PBXFileReference; lastKnownFileType = sourcecode.swift; path = World.swift; sourceTree = "<group>"; };
		213F8FA429E732A300473E5B /* ExplorePublicationsViewSnapshotTests.swift */ = {isa = PBXFileReference; lastKnownFileType = sourcecode.swift; path = ExplorePublicationsViewSnapshotTests.swift; sourceTree = "<group>"; };
		219F875129E87384004B55C2 /* Snapshotting+Tests.swift */ = {isa = PBXFileReference; lastKnownFileType = sourcecode.swift; path = "Snapshotting+Tests.swift"; sourceTree = "<group>"; };
		219F875529E87657004B55C2 /* PostRow.swift */ = {isa = PBXFileReference; lastKnownFileType = sourcecode.swift; path = PostRow.swift; sourceTree = "<group>"; };
		219F875729E87749004B55C2 /* PostRowModel.swift */ = {isa = PBXFileReference; lastKnownFileType = sourcecode.swift; path = PostRowModel.swift; sourceTree = "<group>"; };
		219F875929E87875004B55C2 /* ExplorePublicationsRow.swift */ = {isa = PBXFileReference; lastKnownFileType = sourcecode.swift; path = ExplorePublicationsRow.swift; sourceTree = "<group>"; };
		219F875C29E87985004B55C2 /* View+Example.swift */ = {isa = PBXFileReference; lastKnownFileType = sourcecode.swift; path = "View+Example.swift"; sourceTree = "<group>"; };
		219F876029E87BB2004B55C2 /* CommentRow.swift */ = {isa = PBXFileReference; lastKnownFileType = sourcecode.swift; path = CommentRow.swift; sourceTree = "<group>"; };
		219F876229E87BBD004B55C2 /* CommentRowModel.swift */ = {isa = PBXFileReference; lastKnownFileType = sourcecode.swift; path = CommentRowModel.swift; sourceTree = "<group>"; };
		219F876429E88C6F004B55C2 /* Formatters.swift */ = {isa = PBXFileReference; lastKnownFileType = sourcecode.swift; path = Formatters.swift; sourceTree = "<group>"; };
		219F876C29E894B8004B55C2 /* KFImage+Example.swift */ = {isa = PBXFileReference; lastKnownFileType = sourcecode.swift; path = "KFImage+Example.swift"; sourceTree = "<group>"; };
		219F876F29E897BD004B55C2 /* PubBylineView.swift */ = {isa = PBXFileReference; lastKnownFileType = sourcecode.swift; path = PubBylineView.swift; sourceTree = "<group>"; };
		219F877229E898D1004B55C2 /* PubContentView.swift */ = {isa = PBXFileReference; lastKnownFileType = sourcecode.swift; path = PubContentView.swift; sourceTree = "<group>"; };
		219F877429E8A058004B55C2 /* MediaType.swift */ = {isa = PBXFileReference; lastKnownFileType = sourcecode.swift; path = MediaType.swift; sourceTree = "<group>"; };
		21BEB5CC29E6F273008BC970 /* ExplorePublicationsView.swift */ = {isa = PBXFileReference; lastKnownFileType = sourcecode.swift; path = ExplorePublicationsView.swift; sourceTree = "<group>"; };
		21BEB5CE29E6F45C008BC970 /* ExplorePublicationsViewModel.swift */ = {isa = PBXFileReference; lastKnownFileType = sourcecode.swift; path = ExplorePublicationsViewModel.swift; sourceTree = "<group>"; };
/* End PBXFileReference section */

/* Begin PBXFrameworksBuildPhase section */
		2118D86229E31C82006753C0 /* Frameworks */ = {
			isa = PBXFrameworksBuildPhase;
			buildActionMask = 2147483647;
			files = (
				219F876829E88F27004B55C2 /* Kingfisher in Frameworks */,
				2118D87929E31F8C006753C0 /* Lens in Frameworks */,
				211E0E2E29EDD55200EBE5CB /* MagicSDK in Frameworks */,
			);
			runOnlyForDeploymentPostprocessing = 0;
		};
		212D12F929E7104A0094560E /* Frameworks */ = {
			isa = PBXFrameworksBuildPhase;
			buildActionMask = 2147483647;
			files = (
				212D130A29E71FC80094560E /* LensTestTools in Frameworks */,
				213F8FA329E7327C00473E5B /* SnapshotTesting in Frameworks */,
			);
			runOnlyForDeploymentPostprocessing = 0;
		};
/* End PBXFrameworksBuildPhase section */

/* Begin PBXGroup section */
		2118D85C29E31C82006753C0 = {
			isa = PBXGroup;
			children = (
				2118D86729E31C82006753C0 /* Example */,
				212D12FD29E7104A0094560E /* ExampleTests */,
				2118D86629E31C82006753C0 /* Products */,
				2118D87729E31F8C006753C0 /* Frameworks */,
			);
			sourceTree = "<group>";
		};
		2118D86629E31C82006753C0 /* Products */ = {
			isa = PBXGroup;
			children = (
				2118D86529E31C82006753C0 /* Example.app */,
				212D12FC29E7104A0094560E /* ExampleTests.xctest */,
			);
			name = Products;
			sourceTree = "<group>";
		};
		2118D86729E31C82006753C0 /* Example */ = {
			isa = PBXGroup;
			children = (
				211E0E3129EDFA1200EBE5CB /* Wallet */,
				21BEB5CA29E6F25D008BC970 /* Explore */,
				219F875329E87640004B55C2 /* Shared */,
				2118D86829E31C82006753C0 /* ExampleApp.swift */,
				2118D86A29E31C82006753C0 /* ContentView.swift */,
				211E0E2F29EDEE5200EBE5CB /* ContentViewModel.swift */,
				2118D86C29E31C85006753C0 /* Assets.xcassets */,
				2118D86E29E31C85006753C0 /* Example.entitlements */,
				2118D86F29E31C85006753C0 /* Preview Content */,
				212D130B29E71FF00094560E /* World.swift */,
			);
			path = Example;
			sourceTree = "<group>";
		};
		2118D86F29E31C85006753C0 /* Preview Content */ = {
			isa = PBXGroup;
			children = (
				2118D87029E31C85006753C0 /* Preview Assets.xcassets */,
			);
			path = "Preview Content";
			sourceTree = "<group>";
		};
		2118D87729E31F8C006753C0 /* Frameworks */ = {
			isa = PBXGroup;
			children = (
			);
			name = Frameworks;
			sourceTree = "<group>";
		};
		211E0E3129EDFA1200EBE5CB /* Wallet */ = {
			isa = PBXGroup;
			children = (
				211E0E3229EDFA2200EBE5CB /* Wallet.swift */,
			);
			path = Wallet;
			sourceTree = "<group>";
		};
		212D12FD29E7104A0094560E /* ExampleTests */ = {
			isa = PBXGroup;
			children = (
				219F875029E87376004B55C2 /* Extensions */,
				212D130529E7109D0094560E /* Explore */,
			);
			path = ExampleTests;
			sourceTree = "<group>";
		};
		212D130529E7109D0094560E /* Explore */ = {
			isa = PBXGroup;
			children = (
				212D130629E710AC0094560E /* Publications */,
			);
			path = Explore;
			sourceTree = "<group>";
		};
		212D130629E710AC0094560E /* Publications */ = {
			isa = PBXGroup;
			children = (
				212D130729E710C30094560E /* ExplorePublicationsViewModelTests.swift */,
				213F8FA429E732A300473E5B /* ExplorePublicationsViewSnapshotTests.swift */,
			);
			path = Publications;
			sourceTree = "<group>";
		};
		219F875029E87376004B55C2 /* Extensions */ = {
			isa = PBXGroup;
			children = (
				219F875129E87384004B55C2 /* Snapshotting+Tests.swift */,
			);
			path = Extensions;
			sourceTree = "<group>";
		};
		219F875329E87640004B55C2 /* Shared */ = {
			isa = PBXGroup;
			children = (
				219F875B29E87975004B55C2 /* Extensions */,
				219F875429E8764B004B55C2 /* Views */,
				219F876429E88C6F004B55C2 /* Formatters.swift */,
				219F877429E8A058004B55C2 /* MediaType.swift */,
			);
			path = Shared;
			sourceTree = "<group>";
		};
		219F875429E8764B004B55C2 /* Views */ = {
			isa = PBXGroup;
			children = (
				219F876E29E897B2004B55C2 /* PubBylineView */,
				219F877129E8988E004B55C2 /* PubContentView */,
				219F875F29E87BA2004B55C2 /* CommentRow */,
				219F875E29E87B98004B55C2 /* PostRow */,
			);
			path = Views;
			sourceTree = "<group>";
		};
		219F875B29E87975004B55C2 /* Extensions */ = {
			isa = PBXGroup;
			children = (
				219F875C29E87985004B55C2 /* View+Example.swift */,
				219F876C29E894B8004B55C2 /* KFImage+Example.swift */,
			);
			path = Extensions;
			sourceTree = "<group>";
		};
		219F875E29E87B98004B55C2 /* PostRow */ = {
			isa = PBXGroup;
			children = (
				219F875529E87657004B55C2 /* PostRow.swift */,
				219F875729E87749004B55C2 /* PostRowModel.swift */,
			);
			path = PostRow;
			sourceTree = "<group>";
		};
		219F875F29E87BA2004B55C2 /* CommentRow */ = {
			isa = PBXGroup;
			children = (
				219F876029E87BB2004B55C2 /* CommentRow.swift */,
				219F876229E87BBD004B55C2 /* CommentRowModel.swift */,
			);
			path = CommentRow;
			sourceTree = "<group>";
		};
		219F876E29E897B2004B55C2 /* PubBylineView */ = {
			isa = PBXGroup;
			children = (
				219F876F29E897BD004B55C2 /* PubBylineView.swift */,
			);
			path = PubBylineView;
			sourceTree = "<group>";
		};
		219F877129E8988E004B55C2 /* PubContentView */ = {
			isa = PBXGroup;
			children = (
				219F877229E898D1004B55C2 /* PubContentView.swift */,
			);
			path = PubContentView;
			sourceTree = "<group>";
		};
		21BEB5CA29E6F25D008BC970 /* Explore */ = {
			isa = PBXGroup;
			children = (
				21BEB5CB29E6F263008BC970 /* Publications */,
			);
			path = Explore;
			sourceTree = "<group>";
		};
		21BEB5CB29E6F263008BC970 /* Publications */ = {
			isa = PBXGroup;
			children = (
				21BEB5CC29E6F273008BC970 /* ExplorePublicationsView.swift */,
				21BEB5CE29E6F45C008BC970 /* ExplorePublicationsViewModel.swift */,
				219F875929E87875004B55C2 /* ExplorePublicationsRow.swift */,
			);
			path = Publications;
			sourceTree = "<group>";
		};
/* End PBXGroup section */

/* Begin PBXNativeTarget section */
		2118D86429E31C82006753C0 /* Example */ = {
			isa = PBXNativeTarget;
			buildConfigurationList = 2118D87429E31C85006753C0 /* Build configuration list for PBXNativeTarget "Example" */;
			buildPhases = (
				2118D86129E31C82006753C0 /* Sources */,
				2118D86229E31C82006753C0 /* Frameworks */,
				2118D86329E31C82006753C0 /* Resources */,
			);
			buildRules = (
			);
			dependencies = (
			);
			name = Example;
			packageProductDependencies = (
				2118D87829E31F8C006753C0 /* Lens */,
				219F876729E88F27004B55C2 /* Kingfisher */,
				211E0E2D29EDD55200EBE5CB /* MagicSDK */,
			);
			productName = Example;
			productReference = 2118D86529E31C82006753C0 /* Example.app */;
			productType = "com.apple.product-type.application";
		};
		212D12FB29E7104A0094560E /* ExampleTests */ = {
			isa = PBXNativeTarget;
			buildConfigurationList = 212D130429E7104A0094560E /* Build configuration list for PBXNativeTarget "ExampleTests" */;
			buildPhases = (
				212D12F829E7104A0094560E /* Sources */,
				212D12F929E7104A0094560E /* Frameworks */,
				212D12FA29E7104A0094560E /* Resources */,
			);
			buildRules = (
			);
			dependencies = (
				212D130129E7104A0094560E /* PBXTargetDependency */,
			);
			name = ExampleTests;
			packageProductDependencies = (
				212D130929E71FC80094560E /* LensTestTools */,
				213F8FA229E7327C00473E5B /* SnapshotTesting */,
			);
			productName = ExampleTests;
			productReference = 212D12FC29E7104A0094560E /* ExampleTests.xctest */;
			productType = "com.apple.product-type.bundle.unit-test";
		};
/* End PBXNativeTarget section */

/* Begin PBXProject section */
		2118D85D29E31C82006753C0 /* Project object */ = {
			isa = PBXProject;
			attributes = {
				BuildIndependentTargetsInParallel = 1;
				LastSwiftUpdateCheck = 1430;
				LastUpgradeCheck = 1430;
				TargetAttributes = {
					2118D86429E31C82006753C0 = {
						CreatedOnToolsVersion = 14.3;
					};
					212D12FB29E7104A0094560E = {
						CreatedOnToolsVersion = 14.3;
						TestTargetID = 2118D86429E31C82006753C0;
					};
				};
			};
			buildConfigurationList = 2118D86029E31C82006753C0 /* Build configuration list for PBXProject "Example" */;
			compatibilityVersion = "Xcode 14.0";
			developmentRegion = en;
			hasScannedForEncodings = 0;
			knownRegions = (
				en,
				Base,
			);
			mainGroup = 2118D85C29E31C82006753C0;
			packageReferences = (
				213F8FA129E7327C00473E5B /* XCRemoteSwiftPackageReference "swift-snapshot-testing" */,
				219F876629E88F27004B55C2 /* XCRemoteSwiftPackageReference "Kingfisher" */,
				211E0E2C29EDD55200EBE5CB /* XCRemoteSwiftPackageReference "magic-ios" */,
			);
			productRefGroup = 2118D86629E31C82006753C0 /* Products */;
			projectDirPath = "";
			projectRoot = "";
			targets = (
				2118D86429E31C82006753C0 /* Example */,
				212D12FB29E7104A0094560E /* ExampleTests */,
			);
		};
/* End PBXProject section */

/* Begin PBXResourcesBuildPhase section */
		2118D86329E31C82006753C0 /* Resources */ = {
			isa = PBXResourcesBuildPhase;
			buildActionMask = 2147483647;
			files = (
				2118D87129E31C85006753C0 /* Preview Assets.xcassets in Resources */,
				2118D86D29E31C85006753C0 /* Assets.xcassets in Resources */,
			);
			runOnlyForDeploymentPostprocessing = 0;
		};
		212D12FA29E7104A0094560E /* Resources */ = {
			isa = PBXResourcesBuildPhase;
			buildActionMask = 2147483647;
			files = (
			);
			runOnlyForDeploymentPostprocessing = 0;
		};
/* End PBXResourcesBuildPhase section */

/* Begin PBXSourcesBuildPhase section */
		2118D86129E31C82006753C0 /* Sources */ = {
			isa = PBXSourcesBuildPhase;
			buildActionMask = 2147483647;
			files = (
				219F875D29E87985004B55C2 /* View+Example.swift in Sources */,
				2118D86B29E31C82006753C0 /* ContentView.swift in Sources */,
				21BEB5CF29E6F45C008BC970 /* ExplorePublicationsViewModel.swift in Sources */,
				211E0E3029EDEE5200EBE5CB /* ContentViewModel.swift in Sources */,
				219F875A29E87875004B55C2 /* ExplorePublicationsRow.swift in Sources */,
				219F876D29E894B8004B55C2 /* KFImage+Example.swift in Sources */,
				211E0E3329EDFA2200EBE5CB /* Wallet.swift in Sources */,
				219F877329E898D1004B55C2 /* PubContentView.swift in Sources */,
				21BEB5CD29E6F273008BC970 /* ExplorePublicationsView.swift in Sources */,
				219F876529E88C6F004B55C2 /* Formatters.swift in Sources */,
				219F877029E897BD004B55C2 /* PubBylineView.swift in Sources */,
				219F876329E87BBD004B55C2 /* CommentRowModel.swift in Sources */,
				2118D86929E31C82006753C0 /* ExampleApp.swift in Sources */,
				219F876129E87BB2004B55C2 /* CommentRow.swift in Sources */,
				219F877529E8A058004B55C2 /* MediaType.swift in Sources */,
				219F875629E87657004B55C2 /* PostRow.swift in Sources */,
				219F875829E87749004B55C2 /* PostRowModel.swift in Sources */,
				212D130C29E71FF00094560E /* World.swift in Sources */,
			);
			runOnlyForDeploymentPostprocessing = 0;
		};
		212D12F829E7104A0094560E /* Sources */ = {
			isa = PBXSourcesBuildPhase;
			buildActionMask = 2147483647;
			files = (
				212D130829E710C30094560E /* ExplorePublicationsViewModelTests.swift in Sources */,
				213F8FA529E732A300473E5B /* ExplorePublicationsViewSnapshotTests.swift in Sources */,
				219F875229E87384004B55C2 /* Snapshotting+Tests.swift in Sources */,
			);
			runOnlyForDeploymentPostprocessing = 0;
		};
/* End PBXSourcesBuildPhase section */

/* Begin PBXTargetDependency section */
		212D130129E7104A0094560E /* PBXTargetDependency */ = {
			isa = PBXTargetDependency;
			target = 2118D86429E31C82006753C0 /* Example */;
			targetProxy = 212D130029E7104A0094560E /* PBXContainerItemProxy */;
		};
/* End PBXTargetDependency section */

/* Begin XCBuildConfiguration section */
		2118D87229E31C85006753C0 /* Debug */ = {
			isa = XCBuildConfiguration;
			buildSettings = {
				ALWAYS_SEARCH_USER_PATHS = NO;
				CLANG_ANALYZER_NONNULL = YES;
				CLANG_ANALYZER_NUMBER_OBJECT_CONVERSION = YES_AGGRESSIVE;
				CLANG_CXX_LANGUAGE_STANDARD = "gnu++20";
				CLANG_ENABLE_MODULES = YES;
				CLANG_ENABLE_OBJC_ARC = YES;
				CLANG_ENABLE_OBJC_WEAK = YES;
				CLANG_WARN_BLOCK_CAPTURE_AUTORELEASING = YES;
				CLANG_WARN_BOOL_CONVERSION = YES;
				CLANG_WARN_COMMA = YES;
				CLANG_WARN_CONSTANT_CONVERSION = YES;
				CLANG_WARN_DEPRECATED_OBJC_IMPLEMENTATIONS = YES;
				CLANG_WARN_DIRECT_OBJC_ISA_USAGE = YES_ERROR;
				CLANG_WARN_DOCUMENTATION_COMMENTS = YES;
				CLANG_WARN_EMPTY_BODY = YES;
				CLANG_WARN_ENUM_CONVERSION = YES;
				CLANG_WARN_INFINITE_RECURSION = YES;
				CLANG_WARN_INT_CONVERSION = YES;
				CLANG_WARN_NON_LITERAL_NULL_CONVERSION = YES;
				CLANG_WARN_OBJC_IMPLICIT_RETAIN_SELF = YES;
				CLANG_WARN_OBJC_LITERAL_CONVERSION = YES;
				CLANG_WARN_OBJC_ROOT_CLASS = YES_ERROR;
				CLANG_WARN_QUOTED_INCLUDE_IN_FRAMEWORK_HEADER = YES;
				CLANG_WARN_RANGE_LOOP_ANALYSIS = YES;
				CLANG_WARN_STRICT_PROTOTYPES = YES;
				CLANG_WARN_SUSPICIOUS_MOVE = YES;
				CLANG_WARN_UNGUARDED_AVAILABILITY = YES_AGGRESSIVE;
				CLANG_WARN_UNREACHABLE_CODE = YES;
				CLANG_WARN__DUPLICATE_METHOD_MATCH = YES;
				COPY_PHASE_STRIP = NO;
				DEBUG_INFORMATION_FORMAT = dwarf;
				ENABLE_STRICT_OBJC_MSGSEND = YES;
				ENABLE_TESTABILITY = YES;
				GCC_C_LANGUAGE_STANDARD = gnu11;
				GCC_DYNAMIC_NO_PIC = NO;
				GCC_NO_COMMON_BLOCKS = YES;
				GCC_OPTIMIZATION_LEVEL = 0;
				GCC_PREPROCESSOR_DEFINITIONS = (
					"DEBUG=1",
					"$(inherited)",
				);
				GCC_WARN_64_TO_32_BIT_CONVERSION = YES;
				GCC_WARN_ABOUT_RETURN_TYPE = YES_ERROR;
				GCC_WARN_UNDECLARED_SELECTOR = YES;
				GCC_WARN_UNINITIALIZED_AUTOS = YES_AGGRESSIVE;
				GCC_WARN_UNUSED_FUNCTION = YES;
				GCC_WARN_UNUSED_VARIABLE = YES;
				MTL_ENABLE_DEBUG_INFO = INCLUDE_SOURCE;
				MTL_FAST_MATH = YES;
				ONLY_ACTIVE_ARCH = YES;
				SWIFT_ACTIVE_COMPILATION_CONDITIONS = DEBUG;
				SWIFT_OPTIMIZATION_LEVEL = "-Onone";
			};
			name = Debug;
		};
		2118D87329E31C85006753C0 /* Release */ = {
			isa = XCBuildConfiguration;
			buildSettings = {
				ALWAYS_SEARCH_USER_PATHS = NO;
				CLANG_ANALYZER_NONNULL = YES;
				CLANG_ANALYZER_NUMBER_OBJECT_CONVERSION = YES_AGGRESSIVE;
				CLANG_CXX_LANGUAGE_STANDARD = "gnu++20";
				CLANG_ENABLE_MODULES = YES;
				CLANG_ENABLE_OBJC_ARC = YES;
				CLANG_ENABLE_OBJC_WEAK = YES;
				CLANG_WARN_BLOCK_CAPTURE_AUTORELEASING = YES;
				CLANG_WARN_BOOL_CONVERSION = YES;
				CLANG_WARN_COMMA = YES;
				CLANG_WARN_CONSTANT_CONVERSION = YES;
				CLANG_WARN_DEPRECATED_OBJC_IMPLEMENTATIONS = YES;
				CLANG_WARN_DIRECT_OBJC_ISA_USAGE = YES_ERROR;
				CLANG_WARN_DOCUMENTATION_COMMENTS = YES;
				CLANG_WARN_EMPTY_BODY = YES;
				CLANG_WARN_ENUM_CONVERSION = YES;
				CLANG_WARN_INFINITE_RECURSION = YES;
				CLANG_WARN_INT_CONVERSION = YES;
				CLANG_WARN_NON_LITERAL_NULL_CONVERSION = YES;
				CLANG_WARN_OBJC_IMPLICIT_RETAIN_SELF = YES;
				CLANG_WARN_OBJC_LITERAL_CONVERSION = YES;
				CLANG_WARN_OBJC_ROOT_CLASS = YES_ERROR;
				CLANG_WARN_QUOTED_INCLUDE_IN_FRAMEWORK_HEADER = YES;
				CLANG_WARN_RANGE_LOOP_ANALYSIS = YES;
				CLANG_WARN_STRICT_PROTOTYPES = YES;
				CLANG_WARN_SUSPICIOUS_MOVE = YES;
				CLANG_WARN_UNGUARDED_AVAILABILITY = YES_AGGRESSIVE;
				CLANG_WARN_UNREACHABLE_CODE = YES;
				CLANG_WARN__DUPLICATE_METHOD_MATCH = YES;
				COPY_PHASE_STRIP = NO;
				DEBUG_INFORMATION_FORMAT = "dwarf-with-dsym";
				ENABLE_NS_ASSERTIONS = NO;
				ENABLE_STRICT_OBJC_MSGSEND = YES;
				GCC_C_LANGUAGE_STANDARD = gnu11;
				GCC_NO_COMMON_BLOCKS = YES;
				GCC_WARN_64_TO_32_BIT_CONVERSION = YES;
				GCC_WARN_ABOUT_RETURN_TYPE = YES_ERROR;
				GCC_WARN_UNDECLARED_SELECTOR = YES;
				GCC_WARN_UNINITIALIZED_AUTOS = YES_AGGRESSIVE;
				GCC_WARN_UNUSED_FUNCTION = YES;
				GCC_WARN_UNUSED_VARIABLE = YES;
				MTL_ENABLE_DEBUG_INFO = NO;
				MTL_FAST_MATH = YES;
				SWIFT_COMPILATION_MODE = wholemodule;
				SWIFT_OPTIMIZATION_LEVEL = "-O";
			};
			name = Release;
		};
		2118D87529E31C85006753C0 /* Debug */ = {
			isa = XCBuildConfiguration;
			buildSettings = {
				ASSETCATALOG_COMPILER_APPICON_NAME = AppIcon;
				ASSETCATALOG_COMPILER_GLOBAL_ACCENT_COLOR_NAME = AccentColor;
				CODE_SIGN_ENTITLEMENTS = Example/Example.entitlements;
				CODE_SIGN_STYLE = Automatic;
				CURRENT_PROJECT_VERSION = 1;
				DEVELOPMENT_ASSET_PATHS = "\"Example/Preview Content\"";
				DEVELOPMENT_TEAM = RBAYG54ZP6;
				ENABLE_HARDENED_RUNTIME = YES;
				ENABLE_PREVIEWS = YES;
				GENERATE_INFOPLIST_FILE = YES;
				"INFOPLIST_KEY_UIApplicationSceneManifest_Generation[sdk=iphoneos*]" = YES;
				"INFOPLIST_KEY_UIApplicationSceneManifest_Generation[sdk=iphonesimulator*]" = YES;
				"INFOPLIST_KEY_UIApplicationSupportsIndirectInputEvents[sdk=iphoneos*]" = YES;
				"INFOPLIST_KEY_UIApplicationSupportsIndirectInputEvents[sdk=iphonesimulator*]" = YES;
				"INFOPLIST_KEY_UILaunchScreen_Generation[sdk=iphoneos*]" = YES;
				"INFOPLIST_KEY_UILaunchScreen_Generation[sdk=iphonesimulator*]" = YES;
				"INFOPLIST_KEY_UIStatusBarStyle[sdk=iphoneos*]" = UIStatusBarStyleDefault;
				"INFOPLIST_KEY_UIStatusBarStyle[sdk=iphonesimulator*]" = UIStatusBarStyleDefault;
				INFOPLIST_KEY_UISupportedInterfaceOrientations_iPad = "UIInterfaceOrientationPortrait UIInterfaceOrientationPortraitUpsideDown UIInterfaceOrientationLandscapeLeft UIInterfaceOrientationLandscapeRight";
				INFOPLIST_KEY_UISupportedInterfaceOrientations_iPhone = "UIInterfaceOrientationPortrait UIInterfaceOrientationLandscapeLeft UIInterfaceOrientationLandscapeRight";
				IPHONEOS_DEPLOYMENT_TARGET = 16.4;
				LD_RUNPATH_SEARCH_PATHS = "@executable_path/Frameworks";
				"LD_RUNPATH_SEARCH_PATHS[sdk=macosx*]" = "@executable_path/../Frameworks";
				MACOSX_DEPLOYMENT_TARGET = 13.2;
				MARKETING_VERSION = 1.0;
				PRODUCT_BUNDLE_IDENTIFIER = com.kevinwolkober.Example;
				PRODUCT_NAME = "$(TARGET_NAME)";
				SDKROOT = auto;
				SUPPORTED_PLATFORMS = "iphoneos iphonesimulator macosx";
				SWIFT_EMIT_LOC_STRINGS = YES;
				SWIFT_VERSION = 5.0;
				TARGETED_DEVICE_FAMILY = "1,2";
			};
			name = Debug;
		};
		2118D87629E31C85006753C0 /* Release */ = {
			isa = XCBuildConfiguration;
			buildSettings = {
				ASSETCATALOG_COMPILER_APPICON_NAME = AppIcon;
				ASSETCATALOG_COMPILER_GLOBAL_ACCENT_COLOR_NAME = AccentColor;
				CODE_SIGN_ENTITLEMENTS = Example/Example.entitlements;
				CODE_SIGN_STYLE = Automatic;
				CURRENT_PROJECT_VERSION = 1;
				DEVELOPMENT_ASSET_PATHS = "\"Example/Preview Content\"";
				DEVELOPMENT_TEAM = RBAYG54ZP6;
				ENABLE_HARDENED_RUNTIME = YES;
				ENABLE_PREVIEWS = YES;
				GENERATE_INFOPLIST_FILE = YES;
				"INFOPLIST_KEY_UIApplicationSceneManifest_Generation[sdk=iphoneos*]" = YES;
				"INFOPLIST_KEY_UIApplicationSceneManifest_Generation[sdk=iphonesimulator*]" = YES;
				"INFOPLIST_KEY_UIApplicationSupportsIndirectInputEvents[sdk=iphoneos*]" = YES;
				"INFOPLIST_KEY_UIApplicationSupportsIndirectInputEvents[sdk=iphonesimulator*]" = YES;
				"INFOPLIST_KEY_UILaunchScreen_Generation[sdk=iphoneos*]" = YES;
				"INFOPLIST_KEY_UILaunchScreen_Generation[sdk=iphonesimulator*]" = YES;
				"INFOPLIST_KEY_UIStatusBarStyle[sdk=iphoneos*]" = UIStatusBarStyleDefault;
				"INFOPLIST_KEY_UIStatusBarStyle[sdk=iphonesimulator*]" = UIStatusBarStyleDefault;
				INFOPLIST_KEY_UISupportedInterfaceOrientations_iPad = "UIInterfaceOrientationPortrait UIInterfaceOrientationPortraitUpsideDown UIInterfaceOrientationLandscapeLeft UIInterfaceOrientationLandscapeRight";
				INFOPLIST_KEY_UISupportedInterfaceOrientations_iPhone = "UIInterfaceOrientationPortrait UIInterfaceOrientationLandscapeLeft UIInterfaceOrientationLandscapeRight";
				IPHONEOS_DEPLOYMENT_TARGET = 16.4;
				LD_RUNPATH_SEARCH_PATHS = "@executable_path/Frameworks";
				"LD_RUNPATH_SEARCH_PATHS[sdk=macosx*]" = "@executable_path/../Frameworks";
				MACOSX_DEPLOYMENT_TARGET = 13.2;
				MARKETING_VERSION = 1.0;
				PRODUCT_BUNDLE_IDENTIFIER = com.kevinwolkober.Example;
				PRODUCT_NAME = "$(TARGET_NAME)";
				SDKROOT = auto;
				SUPPORTED_PLATFORMS = "iphoneos iphonesimulator macosx";
				SWIFT_EMIT_LOC_STRINGS = YES;
				SWIFT_VERSION = 5.0;
				TARGETED_DEVICE_FAMILY = "1,2";
			};
			name = Release;
		};
		212D130229E7104A0094560E /* Debug */ = {
			isa = XCBuildConfiguration;
			buildSettings = {
				BUNDLE_LOADER = "$(TEST_HOST)";
				CODE_SIGN_STYLE = Automatic;
				CURRENT_PROJECT_VERSION = 1;
				DEVELOPMENT_TEAM = RBAYG54ZP6;
				GENERATE_INFOPLIST_FILE = YES;
				IPHONEOS_DEPLOYMENT_TARGET = 16.4;
				MACOSX_DEPLOYMENT_TARGET = 13.2;
				MARKETING_VERSION = 1.0;
				PRODUCT_BUNDLE_IDENTIFIER = com.kevinwolkober.ExampleTests;
				PRODUCT_NAME = "$(TARGET_NAME)";
				SDKROOT = auto;
				SUPPORTED_PLATFORMS = "iphoneos iphonesimulator macosx";
				SWIFT_EMIT_LOC_STRINGS = NO;
				SWIFT_VERSION = 5.0;
				TARGETED_DEVICE_FAMILY = "1,2";
				TEST_HOST = "$(BUILT_PRODUCTS_DIR)/Example.app/$(BUNDLE_EXECUTABLE_FOLDER_PATH)/Example";
			};
			name = Debug;
		};
		212D130329E7104A0094560E /* Release */ = {
			isa = XCBuildConfiguration;
			buildSettings = {
				BUNDLE_LOADER = "$(TEST_HOST)";
				CODE_SIGN_STYLE = Automatic;
				CURRENT_PROJECT_VERSION = 1;
				DEVELOPMENT_TEAM = RBAYG54ZP6;
				GENERATE_INFOPLIST_FILE = YES;
				IPHONEOS_DEPLOYMENT_TARGET = 16.4;
				MACOSX_DEPLOYMENT_TARGET = 13.2;
				MARKETING_VERSION = 1.0;
				PRODUCT_BUNDLE_IDENTIFIER = com.kevinwolkober.ExampleTests;
				PRODUCT_NAME = "$(TARGET_NAME)";
				SDKROOT = auto;
				SUPPORTED_PLATFORMS = "iphoneos iphonesimulator macosx";
				SWIFT_EMIT_LOC_STRINGS = NO;
				SWIFT_VERSION = 5.0;
				TARGETED_DEVICE_FAMILY = "1,2";
				TEST_HOST = "$(BUILT_PRODUCTS_DIR)/Example.app/$(BUNDLE_EXECUTABLE_FOLDER_PATH)/Example";
			};
			name = Release;
		};
/* End XCBuildConfiguration section */

/* Begin XCConfigurationList section */
		2118D86029E31C82006753C0 /* Build configuration list for PBXProject "Example" */ = {
			isa = XCConfigurationList;
			buildConfigurations = (
				2118D87229E31C85006753C0 /* Debug */,
				2118D87329E31C85006753C0 /* Release */,
			);
			defaultConfigurationIsVisible = 0;
			defaultConfigurationName = Release;
		};
		2118D87429E31C85006753C0 /* Build configuration list for PBXNativeTarget "Example" */ = {
			isa = XCConfigurationList;
			buildConfigurations = (
				2118D87529E31C85006753C0 /* Debug */,
				2118D87629E31C85006753C0 /* Release */,
			);
			defaultConfigurationIsVisible = 0;
			defaultConfigurationName = Release;
		};
		212D130429E7104A0094560E /* Build configuration list for PBXNativeTarget "ExampleTests" */ = {
			isa = XCConfigurationList;
			buildConfigurations = (
				212D130229E7104A0094560E /* Debug */,
				212D130329E7104A0094560E /* Release */,
			);
			defaultConfigurationIsVisible = 0;
			defaultConfigurationName = Release;
		};
/* End XCConfigurationList section */

/* Begin XCRemoteSwiftPackageReference section */
		211E0E2C29EDD55200EBE5CB /* XCRemoteSwiftPackageReference "magic-ios" */ = {
			isa = XCRemoteSwiftPackageReference;
			repositoryURL = "https://github.com/magiclabs/magic-ios.git";
			requirement = {
				kind = upToNextMajorVersion;
				minimumVersion = 8.0.0;
			};
		};
		213F8FA129E7327C00473E5B /* XCRemoteSwiftPackageReference "swift-snapshot-testing" */ = {
			isa = XCRemoteSwiftPackageReference;
			repositoryURL = "https://github.com/pointfreeco/swift-snapshot-testing";
			requirement = {
				kind = upToNextMajorVersion;
				minimumVersion = 1.0.0;
			};
		};
		219F876629E88F27004B55C2 /* XCRemoteSwiftPackageReference "Kingfisher" */ = {
			isa = XCRemoteSwiftPackageReference;
			repositoryURL = "https://github.com/onevcat/Kingfisher.git";
			requirement = {
				kind = upToNextMajorVersion;
				minimumVersion = 7.0.0;
			};
		};
/* End XCRemoteSwiftPackageReference section */

/* Begin XCSwiftPackageProductDependency section */
		2118D87829E31F8C006753C0 /* Lens */ = {
			isa = XCSwiftPackageProductDependency;
			productName = Lens;
		};
		211E0E2D29EDD55200EBE5CB /* MagicSDK */ = {
			isa = XCSwiftPackageProductDependency;
			package = 211E0E2C29EDD55200EBE5CB /* XCRemoteSwiftPackageReference "magic-ios" */;
			productName = MagicSDK;
		};
		212D130929E71FC80094560E /* LensTestTools */ = {
			isa = XCSwiftPackageProductDependency;
			productName = LensTestTools;
		};
		213F8FA229E7327C00473E5B /* SnapshotTesting */ = {
			isa = XCSwiftPackageProductDependency;
			package = 213F8FA129E7327C00473E5B /* XCRemoteSwiftPackageReference "swift-snapshot-testing" */;
			productName = SnapshotTesting;
		};
		219F876729E88F27004B55C2 /* Kingfisher */ = {
			isa = XCSwiftPackageProductDependency;
			package = 219F876629E88F27004B55C2 /* XCRemoteSwiftPackageReference "Kingfisher" */;
			productName = Kingfisher;
		};
/* End XCSwiftPackageProductDependency section */
	};
	rootObject = 2118D85D29E31C82006753C0 /* Project object */;
}
