// !$*UTF8*$!
{
	archiveVersion = 1;
	classes = {
	};
	objectVersion = 56;
	objects = {

/* Begin PBXBuildFile section */
		2118D86929E31C82006753C0 /* ExampleApp.swift in Sources */ = {isa = PBXBuildFile; fileRef = 2118D86829E31C82006753C0 /* ExampleApp.swift */; };
		2118D86B29E31C82006753C0 /* ContentView.swift in Sources */ = {isa = PBXBuildFile; fileRef = 2118D86A29E31C82006753C0 /* ContentView.swift */; };
		2118D86D29E31C85006753C0 /* Assets.xcassets in Resources */ = {isa = PBXBuildFile; fileRef = 2118D86C29E31C85006753C0 /* Assets.xcassets */; };
		2118D87129E31C85006753C0 /* Preview Assets.xcassets in Resources */ = {isa = PBXBuildFile; fileRef = 2118D87029E31C85006753C0 /* Preview Assets.xcassets */; };
		2118D87929E31F8C006753C0 /* Lens in Frameworks */ = {isa = PBXBuildFile; productRef = 2118D87829E31F8C006753C0 /* Lens */; };
		211A95182A0C463000481EAF /* UserNftDetailView.swift in Sources */ = {isa = PBXBuildFile; fileRef = 211A95172A0C463000481EAF /* UserNftDetailView.swift */; };
		211A951A2A0C464600481EAF /* UserNftDetailViewModel.swift in Sources */ = {isa = PBXBuildFile; fileRef = 211A95192A0C464600481EAF /* UserNftDetailViewModel.swift */; };
		211A951D2A0C4C4500481EAF /* UserNftDetailInfoView.swift in Sources */ = {isa = PBXBuildFile; fileRef = 211A951C2A0C4C4500481EAF /* UserNftDetailInfoView.swift */; };
		211A95202A0C4C6700481EAF /* UserNftDetailTicketView.swift in Sources */ = {isa = PBXBuildFile; fileRef = 211A951F2A0C4C6700481EAF /* UserNftDetailTicketView.swift */; };
		211A95222A0C4FC900481EAF /* UserNftDetailRepresentationViewModel.swift in Sources */ = {isa = PBXBuildFile; fileRef = 211A95212A0C4FC900481EAF /* UserNftDetailRepresentationViewModel.swift */; };
		211A95252A0C520400481EAF /* EFQRCode in Frameworks */ = {isa = PBXBuildFile; productRef = 211A95242A0C520400481EAF /* EFQRCode */; };
		211A952C2A0D693C00481EAF /* TopTicketView.swift in Sources */ = {isa = PBXBuildFile; fileRef = 211A952B2A0D693C00481EAF /* TopTicketView.swift */; };
		211A952E2A0D697B00481EAF /* TicketDetailsView.swift in Sources */ = {isa = PBXBuildFile; fileRef = 211A952D2A0D697B00481EAF /* TicketDetailsView.swift */; };
		211A95302A0D699E00481EAF /* BottomTicketView.swift in Sources */ = {isa = PBXBuildFile; fileRef = 211A952F2A0D699E00481EAF /* BottomTicketView.swift */; };
		211A95322A0D69AF00481EAF /* FullWidthModifier.swift in Sources */ = {isa = PBXBuildFile; fileRef = 211A95312A0D69AF00481EAF /* FullWidthModifier.swift */; };
		211A95342A0D69C300481EAF /* TicketView.swift in Sources */ = {isa = PBXBuildFile; fileRef = 211A95332A0D69C300481EAF /* TicketView.swift */; };
		211A95362A0D69D600481EAF /* CardStyleModifier.swift in Sources */ = {isa = PBXBuildFile; fileRef = 211A95352A0D69D600481EAF /* CardStyleModifier.swift */; };
		211A95382A0D69E900481EAF /* DashedSeparator.swift in Sources */ = {isa = PBXBuildFile; fileRef = 211A95372A0D69E900481EAF /* DashedSeparator.swift */; };
		211A953A2A0D69F800481EAF /* TicketShape.swift in Sources */ = {isa = PBXBuildFile; fileRef = 211A95392A0D69F800481EAF /* TicketShape.swift */; };
		211A953F2A0D796600481EAF /* UserNftDetailCouponView.swift in Sources */ = {isa = PBXBuildFile; fileRef = 211A953E2A0D796600481EAF /* UserNftDetailCouponView.swift */; };
		211A95422A0DC72E00481EAF /* UserNftDetailKeyView.swift in Sources */ = {isa = PBXBuildFile; fileRef = 211A95412A0DC72E00481EAF /* UserNftDetailKeyView.swift */; };
		211A95452A0E75AA00481EAF /* Lottie in Frameworks */ = {isa = PBXBuildFile; productRef = 211A95442A0E75AA00481EAF /* Lottie */; };
		211A95472A0E762000481EAF /* lock-unlock-key.json in Resources */ = {isa = PBXBuildFile; fileRef = 211A95462A0E762000481EAF /* lock-unlock-key.json */; };
		211A954B2A0E76E900481EAF /* LottieView.swift in Sources */ = {isa = PBXBuildFile; fileRef = 211A954A2A0E76E900481EAF /* LottieView.swift */; };
		211A954D2A0E9BB900481EAF /* MediaView.swift in Sources */ = {isa = PBXBuildFile; fileRef = 211A954C2A0E9BB900481EAF /* MediaView.swift */; };
		211A95502A0EA44F00481EAF /* SVGView in Frameworks */ = {isa = PBXBuildFile; productRef = 211A954F2A0EA44F00481EAF /* SVGView */; };
		211A95522A0ECA4A00481EAF /* profile-placeholder.png in Resources */ = {isa = PBXBuildFile; fileRef = 211A95512A0ECA4A00481EAF /* profile-placeholder.png */; };
		211E0E2E29EDD55200EBE5CB /* MagicSDK in Frameworks */ = {isa = PBXBuildFile; platformFilter = ios; productRef = 211E0E2D29EDD55200EBE5CB /* MagicSDK */; };
		211E0E3029EDEE5200EBE5CB /* ContentViewModel.swift in Sources */ = {isa = PBXBuildFile; fileRef = 211E0E2F29EDEE5200EBE5CB /* ContentViewModel.swift */; };
		211E0E3329EDFA2200EBE5CB /* Wallet.swift in Sources */ = {isa = PBXBuildFile; fileRef = 211E0E3229EDFA2200EBE5CB /* Wallet.swift */; };
		212D130829E710C30094560E /* ExplorePublicationsViewModelTests.swift in Sources */ = {isa = PBXBuildFile; fileRef = 212D130729E710C30094560E /* ExplorePublicationsViewModelTests.swift */; };
		212D130A29E71FC80094560E /* LensTestTools in Frameworks */ = {isa = PBXBuildFile; productRef = 212D130929E71FC80094560E /* LensTestTools */; };
		212D130C29E71FF00094560E /* World.swift in Sources */ = {isa = PBXBuildFile; fileRef = 212D130B29E71FF00094560E /* World.swift */; };
		2138DA8C2A4DB098002BC608 /* Configuration.swift in Sources */ = {isa = PBXBuildFile; fileRef = 2138DA8B2A4DB098002BC608 /* Configuration.swift */; };
		2138DA8E2A4DB1B6002BC608 /* TestObserver.swift in Sources */ = {isa = PBXBuildFile; fileRef = 2138DA8D2A4DB1B6002BC608 /* TestObserver.swift */; };
		213F8FA329E7327C00473E5B /* SnapshotTesting in Frameworks */ = {isa = PBXBuildFile; productRef = 213F8FA229E7327C00473E5B /* SnapshotTesting */; };
		213F8FA529E732A300473E5B /* ExplorePublicationsViewSnapshotTests.swift in Sources */ = {isa = PBXBuildFile; fileRef = 213F8FA429E732A300473E5B /* ExplorePublicationsViewSnapshotTests.swift */; };
		2140C6552A16AEB70081837E /* UserNftsDemo.swift in Sources */ = {isa = PBXBuildFile; fileRef = 2140C6542A16AEB70081837E /* UserNftsDemo.swift */; };
		214479D029F18AA30087D192 /* FeedView.swift in Sources */ = {isa = PBXBuildFile; fileRef = 214479CF29F18AA30087D192 /* FeedView.swift */; };
		214479D229F18AAD0087D192 /* FeedViewModel.swift in Sources */ = {isa = PBXBuildFile; fileRef = 214479D129F18AAD0087D192 /* FeedViewModel.swift */; };
		214479D629F19E870087D192 /* SelectProfileView.swift in Sources */ = {isa = PBXBuildFile; fileRef = 214479D529F19E870087D192 /* SelectProfileView.swift */; };
		214479D929F1A19B0087D192 /* CreateProfileView.swift in Sources */ = {isa = PBXBuildFile; fileRef = 214479D829F1A19B0087D192 /* CreateProfileView.swift */; };
		214479DB29F1A1BC0087D192 /* CreateProfileViewModel.swift in Sources */ = {isa = PBXBuildFile; fileRef = 214479DA29F1A1BC0087D192 /* CreateProfileViewModel.swift */; };
		214D09B02A0ABA610051420E /* UserNftsGridItemViewModel.swift in Sources */ = {isa = PBXBuildFile; fileRef = 214D09AF2A0ABA610051420E /* UserNftsGridItemViewModel.swift */; };
		214D09B22A0AF1EF0051420E /* MacContentView.swift in Sources */ = {isa = PBXBuildFile; fileRef = 214D09B12A0AF1EF0051420E /* MacContentView.swift */; };
		218E15D82A12BF11006F5C59 /* ProfileDetailView.swift in Sources */ = {isa = PBXBuildFile; fileRef = 218E15D72A12BF11006F5C59 /* ProfileDetailView.swift */; };
		218E15DA2A12BF9E006F5C59 /* ProfileDetailViewModel.swift in Sources */ = {isa = PBXBuildFile; fileRef = 218E15D92A12BF9D006F5C59 /* ProfileDetailViewModel.swift */; };
		218E15DC2A1452FD006F5C59 /* SecondaryButton.swift in Sources */ = {isa = PBXBuildFile; fileRef = 218E15DB2A1452FD006F5C59 /* SecondaryButton.swift */; };
		218E55A029EF246600EC4271 /* FooterView.swift in Sources */ = {isa = PBXBuildFile; fileRef = 218E559F29EF246600EC4271 /* FooterView.swift */; };
		218E55A329F0529300EC4271 /* AccountView.swift in Sources */ = {isa = PBXBuildFile; fileRef = 218E55A229F0529300EC4271 /* AccountView.swift */; };
		218E55A529F0C22100EC4271 /* AccountViewModel.swift in Sources */ = {isa = PBXBuildFile; fileRef = 218E55A429F0C22100EC4271 /* AccountViewModel.swift */; };
		219EB43C2A4C8BED0082178C /* ViewInspector in Frameworks */ = {isa = PBXBuildFile; productRef = 219EB43B2A4C8BED0082178C /* ViewInspector */; };
		219EB43E2A4C8C1C0082178C /* ExplorePublicationsIntegrationTests.swift in Sources */ = {isa = PBXBuildFile; fileRef = 219EB43D2A4C8C1C0082178C /* ExplorePublicationsIntegrationTests.swift */; };
		219F875229E87384004B55C2 /* Snapshotting+Tests.swift in Sources */ = {isa = PBXBuildFile; fileRef = 219F875129E87384004B55C2 /* Snapshotting+Tests.swift */; };
		219F875629E87657004B55C2 /* PostRow.swift in Sources */ = {isa = PBXBuildFile; fileRef = 219F875529E87657004B55C2 /* PostRow.swift */; };
		219F875829E87749004B55C2 /* PostRowModel.swift in Sources */ = {isa = PBXBuildFile; fileRef = 219F875729E87749004B55C2 /* PostRowModel.swift */; };
		219F875A29E87875004B55C2 /* PublicationRow.swift in Sources */ = {isa = PBXBuildFile; fileRef = 219F875929E87875004B55C2 /* PublicationRow.swift */; };
		219F875D29E87985004B55C2 /* View+Example.swift in Sources */ = {isa = PBXBuildFile; fileRef = 219F875C29E87985004B55C2 /* View+Example.swift */; };
		219F876129E87BB2004B55C2 /* CommentRow.swift in Sources */ = {isa = PBXBuildFile; fileRef = 219F876029E87BB2004B55C2 /* CommentRow.swift */; };
		219F876329E87BBD004B55C2 /* CommentRowModel.swift in Sources */ = {isa = PBXBuildFile; fileRef = 219F876229E87BBD004B55C2 /* CommentRowModel.swift */; };
		219F876529E88C6F004B55C2 /* Formatters.swift in Sources */ = {isa = PBXBuildFile; fileRef = 219F876429E88C6F004B55C2 /* Formatters.swift */; };
		219F876829E88F27004B55C2 /* Kingfisher in Frameworks */ = {isa = PBXBuildFile; productRef = 219F876729E88F27004B55C2 /* Kingfisher */; };
		219F876D29E894B8004B55C2 /* KFImage+Example.swift in Sources */ = {isa = PBXBuildFile; fileRef = 219F876C29E894B8004B55C2 /* KFImage+Example.swift */; };
		219F877029E897BD004B55C2 /* PubBylineView.swift in Sources */ = {isa = PBXBuildFile; fileRef = 219F876F29E897BD004B55C2 /* PubBylineView.swift */; };
		219F877329E898D1004B55C2 /* PubContentView.swift in Sources */ = {isa = PBXBuildFile; fileRef = 219F877229E898D1004B55C2 /* PubContentView.swift */; };
		219F877529E8A058004B55C2 /* MediaType.swift in Sources */ = {isa = PBXBuildFile; fileRef = 219F877429E8A058004B55C2 /* MediaType.swift */; };
		21ACF1CD2A09CD69008587BC /* UserNftsView.swift in Sources */ = {isa = PBXBuildFile; fileRef = 21ACF1CC2A09CD69008587BC /* UserNftsView.swift */; };
		21ACF1CF2A09D124008587BC /* UserNftsViewModel.swift in Sources */ = {isa = PBXBuildFile; fileRef = 21ACF1CE2A09D124008587BC /* UserNftsViewModel.swift */; };
		21ACF1D12A0A931B008587BC /* UserNftsGridItemView.swift in Sources */ = {isa = PBXBuildFile; fileRef = 21ACF1D02A0A931B008587BC /* UserNftsGridItemView.swift */; };
		21AEAA8E2A4B209F009F6B4C /* LensTestData in Frameworks */ = {isa = PBXBuildFile; productRef = 21AEAA8D2A4B209F009F6B4C /* LensTestData */; };
		21AEAA902A4B20B0009F6B4C /* MagicSDK in Frameworks */ = {isa = PBXBuildFile; platformFilter = ios; productRef = 21AEAA8F2A4B20B0009F6B4C /* MagicSDK */; };
		21AEAA922A4B262E009F6B4C /* ExplorePublicationsInteractor.swift in Sources */ = {isa = PBXBuildFile; fileRef = 21AEAA912A4B262E009F6B4C /* ExplorePublicationsInteractor.swift */; };
		21AEAA952A4B37D0009F6B4C /* MockExplorePublicationsInteractor.swift in Sources */ = {isa = PBXBuildFile; fileRef = 21AEAA942A4B37D0009F6B4C /* MockExplorePublicationsInteractor.swift */; };
		21AEAA972A4B390A009F6B4C /* ExplorePublicationsInteractorTests.swift in Sources */ = {isa = PBXBuildFile; fileRef = 21AEAA962A4B390A009F6B4C /* ExplorePublicationsInteractorTests.swift */; };
		21B408FB2A06C36B0008D23A /* PubStatsViewModel.swift in Sources */ = {isa = PBXBuildFile; fileRef = 21B408FA2A06C36B0008D23A /* PubStatsViewModel.swift */; };
		21B408FD2A06E4260008D23A /* PubStatView.swift in Sources */ = {isa = PBXBuildFile; fileRef = 21B408FC2A06E4260008D23A /* PubStatView.swift */; };
		21BEB5CD29E6F273008BC970 /* ExplorePublicationsView.swift in Sources */ = {isa = PBXBuildFile; fileRef = 21BEB5CC29E6F273008BC970 /* ExplorePublicationsView.swift */; };
		21BEB5CF29E6F45C008BC970 /* ExplorePublicationsViewModel.swift in Sources */ = {isa = PBXBuildFile; fileRef = 21BEB5CE29E6F45C008BC970 /* ExplorePublicationsViewModel.swift */; };
		21C1283E29F1B3DC00E813ED /* SelectProfileViewModel.swift in Sources */ = {isa = PBXBuildFile; fileRef = 21C1283D29F1B3DC00E813ED /* SelectProfileViewModel.swift */; };
		21C1284329F2D32E00E813ED /* FluidGradient in Frameworks */ = {isa = PBXBuildFile; productRef = 21C1284229F2D32E00E813ED /* FluidGradient */; };
		21C1284529F2D3CE00E813ED /* AnimatedGradientView.swift in Sources */ = {isa = PBXBuildFile; fileRef = 21C1284429F2D3CE00E813ED /* AnimatedGradientView.swift */; };
		21C1284729F2D73C00E813ED /* PrimaryButton.swift in Sources */ = {isa = PBXBuildFile; fileRef = 21C1284629F2D73C00E813ED /* PrimaryButton.swift */; };
		21C1284929F3108000E813ED /* String+Example.swift in Sources */ = {isa = PBXBuildFile; fileRef = 21C1284829F3108000E813ED /* String+Example.swift */; };
		21C1284B29F3114100E813ED /* PublicationRowModel.swift in Sources */ = {isa = PBXBuildFile; fileRef = 21C1284A29F3114100E813ED /* PublicationRowModel.swift */; };
		21DB4D4829F5CBB600780876 /* PubStatsView.swift in Sources */ = {isa = PBXBuildFile; fileRef = 21DB4D4729F5CBB600780876 /* PubStatsView.swift */; };
		21DB4D6829F9844000780876 /* CurrentUser.swift in Sources */ = {isa = PBXBuildFile; fileRef = 21DB4D6729F9844000780876 /* CurrentUser.swift */; };
		21DB4D6A29F997D500780876 /* HeadingText.swift in Sources */ = {isa = PBXBuildFile; fileRef = 21DB4D6929F997D500780876 /* HeadingText.swift */; };
		21DB4D6C29F9983A00780876 /* SubheadingText.swift in Sources */ = {isa = PBXBuildFile; fileRef = 21DB4D6B29F9983A00780876 /* SubheadingText.swift */; };
		21DB4D6F29FBD15900780876 /* ThreadView.swift in Sources */ = {isa = PBXBuildFile; fileRef = 21DB4D6E29FBD15900780876 /* ThreadView.swift */; };
		21DB4D7129FBD16800780876 /* ThreadViewModel.swift in Sources */ = {isa = PBXBuildFile; fileRef = 21DB4D7029FBD16800780876 /* ThreadViewModel.swift */; };
		21DB4D7329FC12B700780876 /* VerticalLine.swift in Sources */ = {isa = PBXBuildFile; fileRef = 21DB4D7229FC12B700780876 /* VerticalLine.swift */; };
		21DB4D9429FDC24A00780876 /* ProfileView.swift in Sources */ = {isa = PBXBuildFile; fileRef = 21DB4D9329FDC24A00780876 /* ProfileView.swift */; };
		21DB4D9629FDC25B00780876 /* ProfileViewModel.swift in Sources */ = {isa = PBXBuildFile; fileRef = 21DB4D9529FDC25B00780876 /* ProfileViewModel.swift */; };
		21DB4D9929FEFD8600780876 /* BackButton.swift in Sources */ = {isa = PBXBuildFile; fileRef = 21DB4D9829FEFD8600780876 /* BackButton.swift */; };
		21DB4D9B2A0048D100780876 /* PublicationRowContentView.swift in Sources */ = {isa = PBXBuildFile; fileRef = 21DB4D9A2A0048D100780876 /* PublicationRowContentView.swift */; };
		21DB4D9E2A004DEF00780876 /* PublicationRowContentViewModel.swift in Sources */ = {isa = PBXBuildFile; fileRef = 21DB4D9D2A004DEF00780876 /* PublicationRowContentViewModel.swift */; };
		21DB4DA02A004EAD00780876 /* PublicationRowDestination.swift in Sources */ = {isa = PBXBuildFile; fileRef = 21DB4D9F2A004EAD00780876 /* PublicationRowDestination.swift */; };
		21DB4DA32A018C5400780876 /* PublicationsView.swift in Sources */ = {isa = PBXBuildFile; fileRef = 21DB4DA22A018C5400780876 /* PublicationsView.swift */; };
		21DB4DA52A018C6000780876 /* PublicationsViewModel.swift in Sources */ = {isa = PBXBuildFile; fileRef = 21DB4DA42A018C6000780876 /* PublicationsViewModel.swift */; };
		21E2B2552A097DA400F45FD1 /* ConfirmCollectView.swift in Sources */ = {isa = PBXBuildFile; fileRef = 21E2B2542A097DA400F45FD1 /* ConfirmCollectView.swift */; };
		21E2B2572A098F5B00F45FD1 /* ConfirmCollectViewModel.swift in Sources */ = {isa = PBXBuildFile; fileRef = 21E2B2562A098F5B00F45FD1 /* ConfirmCollectViewModel.swift */; };
/* End PBXBuildFile section */

/* Begin PBXContainerItemProxy section */
		212D130029E7104A0094560E /* PBXContainerItemProxy */ = {
			isa = PBXContainerItemProxy;
			containerPortal = 2118D85D29E31C82006753C0 /* Project object */;
			proxyType = 1;
			remoteGlobalIDString = 2118D86429E31C82006753C0;
			remoteInfo = Example;
		};
/* End PBXContainerItemProxy section */

/* Begin PBXFileReference section */
		2118D86529E31C82006753C0 /* Example.app */ = {isa = PBXFileReference; explicitFileType = wrapper.application; includeInIndex = 0; path = Example.app; sourceTree = BUILT_PRODUCTS_DIR; };
		2118D86829E31C82006753C0 /* ExampleApp.swift */ = {isa = PBXFileReference; lastKnownFileType = sourcecode.swift; path = ExampleApp.swift; sourceTree = "<group>"; };
		2118D86A29E31C82006753C0 /* ContentView.swift */ = {isa = PBXFileReference; lastKnownFileType = sourcecode.swift; path = ContentView.swift; sourceTree = "<group>"; };
		2118D86C29E31C85006753C0 /* Assets.xcassets */ = {isa = PBXFileReference; lastKnownFileType = folder.assetcatalog; path = Assets.xcassets; sourceTree = "<group>"; };
		2118D86E29E31C85006753C0 /* Example.entitlements */ = {isa = PBXFileReference; lastKnownFileType = text.plist.entitlements; path = Example.entitlements; sourceTree = "<group>"; };
		2118D87029E31C85006753C0 /* Preview Assets.xcassets */ = {isa = PBXFileReference; lastKnownFileType = folder.assetcatalog; path = "Preview Assets.xcassets"; sourceTree = "<group>"; };
		211A95172A0C463000481EAF /* UserNftDetailView.swift */ = {isa = PBXFileReference; lastKnownFileType = sourcecode.swift; path = UserNftDetailView.swift; sourceTree = "<group>"; };
		211A95192A0C464600481EAF /* UserNftDetailViewModel.swift */ = {isa = PBXFileReference; lastKnownFileType = sourcecode.swift; path = UserNftDetailViewModel.swift; sourceTree = "<group>"; };
		211A951C2A0C4C4500481EAF /* UserNftDetailInfoView.swift */ = {isa = PBXFileReference; lastKnownFileType = sourcecode.swift; path = UserNftDetailInfoView.swift; sourceTree = "<group>"; };
		211A951F2A0C4C6700481EAF /* UserNftDetailTicketView.swift */ = {isa = PBXFileReference; lastKnownFileType = sourcecode.swift; path = UserNftDetailTicketView.swift; sourceTree = "<group>"; };
		211A95212A0C4FC900481EAF /* UserNftDetailRepresentationViewModel.swift */ = {isa = PBXFileReference; lastKnownFileType = sourcecode.swift; path = UserNftDetailRepresentationViewModel.swift; sourceTree = "<group>"; };
		211A952B2A0D693C00481EAF /* TopTicketView.swift */ = {isa = PBXFileReference; lastKnownFileType = sourcecode.swift; path = TopTicketView.swift; sourceTree = "<group>"; };
		211A952D2A0D697B00481EAF /* TicketDetailsView.swift */ = {isa = PBXFileReference; lastKnownFileType = sourcecode.swift; path = TicketDetailsView.swift; sourceTree = "<group>"; };
		211A952F2A0D699E00481EAF /* BottomTicketView.swift */ = {isa = PBXFileReference; lastKnownFileType = sourcecode.swift; path = BottomTicketView.swift; sourceTree = "<group>"; };
		211A95312A0D69AF00481EAF /* FullWidthModifier.swift */ = {isa = PBXFileReference; lastKnownFileType = sourcecode.swift; path = FullWidthModifier.swift; sourceTree = "<group>"; };
		211A95332A0D69C300481EAF /* TicketView.swift */ = {isa = PBXFileReference; lastKnownFileType = sourcecode.swift; path = TicketView.swift; sourceTree = "<group>"; };
		211A95352A0D69D600481EAF /* CardStyleModifier.swift */ = {isa = PBXFileReference; lastKnownFileType = sourcecode.swift; path = CardStyleModifier.swift; sourceTree = "<group>"; };
		211A95372A0D69E900481EAF /* DashedSeparator.swift */ = {isa = PBXFileReference; lastKnownFileType = sourcecode.swift; path = DashedSeparator.swift; sourceTree = "<group>"; };
		211A95392A0D69F800481EAF /* TicketShape.swift */ = {isa = PBXFileReference; lastKnownFileType = sourcecode.swift; path = TicketShape.swift; sourceTree = "<group>"; };
		211A953B2A0D781000481EAF /* README.md */ = {isa = PBXFileReference; lastKnownFileType = net.daringfireball.markdown; path = README.md; sourceTree = "<group>"; };
		211A953E2A0D796600481EAF /* UserNftDetailCouponView.swift */ = {isa = PBXFileReference; lastKnownFileType = sourcecode.swift; path = UserNftDetailCouponView.swift; sourceTree = "<group>"; };
		211A95412A0DC72E00481EAF /* UserNftDetailKeyView.swift */ = {isa = PBXFileReference; lastKnownFileType = sourcecode.swift; path = UserNftDetailKeyView.swift; sourceTree = "<group>"; };
		211A95462A0E762000481EAF /* lock-unlock-key.json */ = {isa = PBXFileReference; fileEncoding = 4; lastKnownFileType = text.json; path = "lock-unlock-key.json"; sourceTree = "<group>"; };
		211A95482A0E764500481EAF /* README.md */ = {isa = PBXFileReference; lastKnownFileType = net.daringfireball.markdown; path = README.md; sourceTree = "<group>"; };
		211A954A2A0E76E900481EAF /* LottieView.swift */ = {isa = PBXFileReference; lastKnownFileType = sourcecode.swift; path = LottieView.swift; sourceTree = "<group>"; };
		211A954C2A0E9BB900481EAF /* MediaView.swift */ = {isa = PBXFileReference; lastKnownFileType = sourcecode.swift; path = MediaView.swift; sourceTree = "<group>"; };
		211A95512A0ECA4A00481EAF /* profile-placeholder.png */ = {isa = PBXFileReference; lastKnownFileType = image.png; path = "profile-placeholder.png"; sourceTree = "<group>"; };
		211E0E2F29EDEE5200EBE5CB /* ContentViewModel.swift */ = {isa = PBXFileReference; lastKnownFileType = sourcecode.swift; path = ContentViewModel.swift; sourceTree = "<group>"; };
		211E0E3229EDFA2200EBE5CB /* Wallet.swift */ = {isa = PBXFileReference; lastKnownFileType = sourcecode.swift; path = Wallet.swift; sourceTree = "<group>"; };
		212D12FC29E7104A0094560E /* ExampleTests.xctest */ = {isa = PBXFileReference; explicitFileType = wrapper.cfbundle; includeInIndex = 0; path = ExampleTests.xctest; sourceTree = BUILT_PRODUCTS_DIR; };
		212D130729E710C30094560E /* ExplorePublicationsViewModelTests.swift */ = {isa = PBXFileReference; lastKnownFileType = sourcecode.swift; path = ExplorePublicationsViewModelTests.swift; sourceTree = "<group>"; };
		212D130B29E71FF00094560E /* World.swift */ = {isa = PBXFileReference; lastKnownFileType = sourcecode.swift; path = World.swift; sourceTree = "<group>"; };
		2138DA8B2A4DB098002BC608 /* Configuration.swift */ = {isa = PBXFileReference; lastKnownFileType = sourcecode.swift; path = Configuration.swift; sourceTree = "<group>"; };
		2138DA8D2A4DB1B6002BC608 /* TestObserver.swift */ = {isa = PBXFileReference; lastKnownFileType = sourcecode.swift; path = TestObserver.swift; sourceTree = "<group>"; };
		213F8FA429E732A300473E5B /* ExplorePublicationsViewSnapshotTests.swift */ = {isa = PBXFileReference; lastKnownFileType = sourcecode.swift; path = ExplorePublicationsViewSnapshotTests.swift; sourceTree = "<group>"; };
		2140C6542A16AEB70081837E /* UserNftsDemo.swift */ = {isa = PBXFileReference; lastKnownFileType = sourcecode.swift; path = UserNftsDemo.swift; sourceTree = "<group>"; };
		214479CF29F18AA30087D192 /* FeedView.swift */ = {isa = PBXFileReference; lastKnownFileType = sourcecode.swift; path = FeedView.swift; sourceTree = "<group>"; };
		214479D129F18AAD0087D192 /* FeedViewModel.swift */ = {isa = PBXFileReference; lastKnownFileType = sourcecode.swift; path = FeedViewModel.swift; sourceTree = "<group>"; };
		214479D529F19E870087D192 /* SelectProfileView.swift */ = {isa = PBXFileReference; lastKnownFileType = sourcecode.swift; path = SelectProfileView.swift; sourceTree = "<group>"; };
		214479D829F1A19B0087D192 /* CreateProfileView.swift */ = {isa = PBXFileReference; lastKnownFileType = sourcecode.swift; path = CreateProfileView.swift; sourceTree = "<group>"; };
		214479DA29F1A1BC0087D192 /* CreateProfileViewModel.swift */ = {isa = PBXFileReference; lastKnownFileType = sourcecode.swift; path = CreateProfileViewModel.swift; sourceTree = "<group>"; };
		214D09AF2A0ABA610051420E /* UserNftsGridItemViewModel.swift */ = {isa = PBXFileReference; lastKnownFileType = sourcecode.swift; path = UserNftsGridItemViewModel.swift; sourceTree = "<group>"; };
		214D09B12A0AF1EF0051420E /* MacContentView.swift */ = {isa = PBXFileReference; lastKnownFileType = sourcecode.swift; path = MacContentView.swift; sourceTree = "<group>"; };
		218E15D72A12BF11006F5C59 /* ProfileDetailView.swift */ = {isa = PBXFileReference; lastKnownFileType = sourcecode.swift; path = ProfileDetailView.swift; sourceTree = "<group>"; };
		218E15D92A12BF9D006F5C59 /* ProfileDetailViewModel.swift */ = {isa = PBXFileReference; lastKnownFileType = sourcecode.swift; path = ProfileDetailViewModel.swift; sourceTree = "<group>"; };
		218E15DB2A1452FD006F5C59 /* SecondaryButton.swift */ = {isa = PBXFileReference; lastKnownFileType = sourcecode.swift; path = SecondaryButton.swift; sourceTree = "<group>"; };
		218E559F29EF246600EC4271 /* FooterView.swift */ = {isa = PBXFileReference; lastKnownFileType = sourcecode.swift; path = FooterView.swift; sourceTree = "<group>"; };
		218E55A229F0529300EC4271 /* AccountView.swift */ = {isa = PBXFileReference; lastKnownFileType = sourcecode.swift; path = AccountView.swift; sourceTree = "<group>"; };
		218E55A429F0C22100EC4271 /* AccountViewModel.swift */ = {isa = PBXFileReference; lastKnownFileType = sourcecode.swift; path = AccountViewModel.swift; sourceTree = "<group>"; };
		219EB43D2A4C8C1C0082178C /* ExplorePublicationsIntegrationTests.swift */ = {isa = PBXFileReference; lastKnownFileType = sourcecode.swift; path = ExplorePublicationsIntegrationTests.swift; sourceTree = "<group>"; };
		219F875129E87384004B55C2 /* Snapshotting+Tests.swift */ = {isa = PBXFileReference; lastKnownFileType = sourcecode.swift; path = "Snapshotting+Tests.swift"; sourceTree = "<group>"; };
		219F875529E87657004B55C2 /* PostRow.swift */ = {isa = PBXFileReference; lastKnownFileType = sourcecode.swift; path = PostRow.swift; sourceTree = "<group>"; };
		219F875729E87749004B55C2 /* PostRowModel.swift */ = {isa = PBXFileReference; lastKnownFileType = sourcecode.swift; path = PostRowModel.swift; sourceTree = "<group>"; };
		219F875929E87875004B55C2 /* PublicationRow.swift */ = {isa = PBXFileReference; lastKnownFileType = sourcecode.swift; path = PublicationRow.swift; sourceTree = "<group>"; };
		219F875C29E87985004B55C2 /* View+Example.swift */ = {isa = PBXFileReference; lastKnownFileType = sourcecode.swift; path = "View+Example.swift"; sourceTree = "<group>"; };
		219F876029E87BB2004B55C2 /* CommentRow.swift */ = {isa = PBXFileReference; lastKnownFileType = sourcecode.swift; path = CommentRow.swift; sourceTree = "<group>"; };
		219F876229E87BBD004B55C2 /* CommentRowModel.swift */ = {isa = PBXFileReference; lastKnownFileType = sourcecode.swift; path = CommentRowModel.swift; sourceTree = "<group>"; };
		219F876429E88C6F004B55C2 /* Formatters.swift */ = {isa = PBXFileReference; lastKnownFileType = sourcecode.swift; path = Formatters.swift; sourceTree = "<group>"; };
		219F876C29E894B8004B55C2 /* KFImage+Example.swift */ = {isa = PBXFileReference; lastKnownFileType = sourcecode.swift; path = "KFImage+Example.swift"; sourceTree = "<group>"; };
		219F876F29E897BD004B55C2 /* PubBylineView.swift */ = {isa = PBXFileReference; lastKnownFileType = sourcecode.swift; path = PubBylineView.swift; sourceTree = "<group>"; };
		219F877229E898D1004B55C2 /* PubContentView.swift */ = {isa = PBXFileReference; lastKnownFileType = sourcecode.swift; path = PubContentView.swift; sourceTree = "<group>"; };
		219F877429E8A058004B55C2 /* MediaType.swift */ = {isa = PBXFileReference; lastKnownFileType = sourcecode.swift; path = MediaType.swift; sourceTree = "<group>"; };
		21ACF1CC2A09CD69008587BC /* UserNftsView.swift */ = {isa = PBXFileReference; lastKnownFileType = sourcecode.swift; path = UserNftsView.swift; sourceTree = "<group>"; };
		21ACF1CE2A09D124008587BC /* UserNftsViewModel.swift */ = {isa = PBXFileReference; lastKnownFileType = sourcecode.swift; path = UserNftsViewModel.swift; sourceTree = "<group>"; };
		21ACF1D02A0A931B008587BC /* UserNftsGridItemView.swift */ = {isa = PBXFileReference; lastKnownFileType = sourcecode.swift; path = UserNftsGridItemView.swift; sourceTree = "<group>"; };
		21AEAA912A4B262E009F6B4C /* ExplorePublicationsInteractor.swift */ = {isa = PBXFileReference; lastKnownFileType = sourcecode.swift; path = ExplorePublicationsInteractor.swift; sourceTree = "<group>"; };
		21AEAA942A4B37D0009F6B4C /* MockExplorePublicationsInteractor.swift */ = {isa = PBXFileReference; lastKnownFileType = sourcecode.swift; path = MockExplorePublicationsInteractor.swift; sourceTree = "<group>"; };
		21AEAA962A4B390A009F6B4C /* ExplorePublicationsInteractorTests.swift */ = {isa = PBXFileReference; lastKnownFileType = sourcecode.swift; path = ExplorePublicationsInteractorTests.swift; sourceTree = "<group>"; };
		21B408FA2A06C36B0008D23A /* PubStatsViewModel.swift */ = {isa = PBXFileReference; lastKnownFileType = sourcecode.swift; path = PubStatsViewModel.swift; sourceTree = "<group>"; };
		21B408FC2A06E4260008D23A /* PubStatView.swift */ = {isa = PBXFileReference; lastKnownFileType = sourcecode.swift; path = PubStatView.swift; sourceTree = "<group>"; };
		21BEB5CC29E6F273008BC970 /* ExplorePublicationsView.swift */ = {isa = PBXFileReference; lastKnownFileType = sourcecode.swift; path = ExplorePublicationsView.swift; sourceTree = "<group>"; };
		21BEB5CE29E6F45C008BC970 /* ExplorePublicationsViewModel.swift */ = {isa = PBXFileReference; lastKnownFileType = sourcecode.swift; path = ExplorePublicationsViewModel.swift; sourceTree = "<group>"; };
		21C1283D29F1B3DC00E813ED /* SelectProfileViewModel.swift */ = {isa = PBXFileReference; lastKnownFileType = sourcecode.swift; path = SelectProfileViewModel.swift; sourceTree = "<group>"; };
		21C1284429F2D3CE00E813ED /* AnimatedGradientView.swift */ = {isa = PBXFileReference; lastKnownFileType = sourcecode.swift; path = AnimatedGradientView.swift; sourceTree = "<group>"; };
		21C1284629F2D73C00E813ED /* PrimaryButton.swift */ = {isa = PBXFileReference; lastKnownFileType = sourcecode.swift; path = PrimaryButton.swift; sourceTree = "<group>"; };
		21C1284829F3108000E813ED /* String+Example.swift */ = {isa = PBXFileReference; lastKnownFileType = sourcecode.swift; path = "String+Example.swift"; sourceTree = "<group>"; };
		21C1284A29F3114100E813ED /* PublicationRowModel.swift */ = {isa = PBXFileReference; lastKnownFileType = sourcecode.swift; path = PublicationRowModel.swift; sourceTree = "<group>"; };
		21DB4D4729F5CBB600780876 /* PubStatsView.swift */ = {isa = PBXFileReference; lastKnownFileType = sourcecode.swift; path = PubStatsView.swift; sourceTree = "<group>"; };
		21DB4D6729F9844000780876 /* CurrentUser.swift */ = {isa = PBXFileReference; lastKnownFileType = sourcecode.swift; path = CurrentUser.swift; sourceTree = "<group>"; };
		21DB4D6929F997D500780876 /* HeadingText.swift */ = {isa = PBXFileReference; lastKnownFileType = sourcecode.swift; path = HeadingText.swift; sourceTree = "<group>"; };
		21DB4D6B29F9983A00780876 /* SubheadingText.swift */ = {isa = PBXFileReference; lastKnownFileType = sourcecode.swift; path = SubheadingText.swift; sourceTree = "<group>"; };
		21DB4D6E29FBD15900780876 /* ThreadView.swift */ = {isa = PBXFileReference; lastKnownFileType = sourcecode.swift; path = ThreadView.swift; sourceTree = "<group>"; };
		21DB4D7029FBD16800780876 /* ThreadViewModel.swift */ = {isa = PBXFileReference; lastKnownFileType = sourcecode.swift; path = ThreadViewModel.swift; sourceTree = "<group>"; };
		21DB4D7229FC12B700780876 /* VerticalLine.swift */ = {isa = PBXFileReference; lastKnownFileType = sourcecode.swift; path = VerticalLine.swift; sourceTree = "<group>"; };
		21DB4D9329FDC24A00780876 /* ProfileView.swift */ = {isa = PBXFileReference; lastKnownFileType = sourcecode.swift; path = ProfileView.swift; sourceTree = "<group>"; };
		21DB4D9529FDC25B00780876 /* ProfileViewModel.swift */ = {isa = PBXFileReference; lastKnownFileType = sourcecode.swift; path = ProfileViewModel.swift; sourceTree = "<group>"; };
		21DB4D9829FEFD8600780876 /* BackButton.swift */ = {isa = PBXFileReference; lastKnownFileType = sourcecode.swift; path = BackButton.swift; sourceTree = "<group>"; };
		21DB4D9A2A0048D100780876 /* PublicationRowContentView.swift */ = {isa = PBXFileReference; lastKnownFileType = sourcecode.swift; path = PublicationRowContentView.swift; sourceTree = "<group>"; };
		21DB4D9D2A004DEF00780876 /* PublicationRowContentViewModel.swift */ = {isa = PBXFileReference; lastKnownFileType = sourcecode.swift; path = PublicationRowContentViewModel.swift; sourceTree = "<group>"; };
		21DB4D9F2A004EAD00780876 /* PublicationRowDestination.swift */ = {isa = PBXFileReference; lastKnownFileType = sourcecode.swift; path = PublicationRowDestination.swift; sourceTree = "<group>"; };
		21DB4DA22A018C5400780876 /* PublicationsView.swift */ = {isa = PBXFileReference; lastKnownFileType = sourcecode.swift; path = PublicationsView.swift; sourceTree = "<group>"; };
		21DB4DA42A018C6000780876 /* PublicationsViewModel.swift */ = {isa = PBXFileReference; lastKnownFileType = sourcecode.swift; path = PublicationsViewModel.swift; sourceTree = "<group>"; };
		21E2B2542A097DA400F45FD1 /* ConfirmCollectView.swift */ = {isa = PBXFileReference; lastKnownFileType = sourcecode.swift; path = ConfirmCollectView.swift; sourceTree = "<group>"; };
		21E2B2562A098F5B00F45FD1 /* ConfirmCollectViewModel.swift */ = {isa = PBXFileReference; lastKnownFileType = sourcecode.swift; path = ConfirmCollectViewModel.swift; sourceTree = "<group>"; };
/* End PBXFileReference section */

/* Begin PBXFrameworksBuildPhase section */
		2118D86229E31C82006753C0 /* Frameworks */ = {
			isa = PBXFrameworksBuildPhase;
			buildActionMask = 2147483647;
			files = (
				219F876829E88F27004B55C2 /* Kingfisher in Frameworks */,
				211A95252A0C520400481EAF /* EFQRCode in Frameworks */,
				2118D87929E31F8C006753C0 /* Lens in Frameworks */,
				211E0E2E29EDD55200EBE5CB /* MagicSDK in Frameworks */,
				211A95502A0EA44F00481EAF /* SVGView in Frameworks */,
				21C1284329F2D32E00E813ED /* FluidGradient in Frameworks */,
				211A95452A0E75AA00481EAF /* Lottie in Frameworks */,
			);
			runOnlyForDeploymentPostprocessing = 0;
		};
		212D12F929E7104A0094560E /* Frameworks */ = {
			isa = PBXFrameworksBuildPhase;
			buildActionMask = 2147483647;
			files = (
				212D130A29E71FC80094560E /* LensTestTools in Frameworks */,
				213F8FA329E7327C00473E5B /* SnapshotTesting in Frameworks */,
				219EB43C2A4C8BED0082178C /* ViewInspector in Frameworks */,
				21AEAA8E2A4B209F009F6B4C /* LensTestData in Frameworks */,
				21AEAA902A4B20B0009F6B4C /* MagicSDK in Frameworks */,
			);
			runOnlyForDeploymentPostprocessing = 0;
		};
/* End PBXFrameworksBuildPhase section */

/* Begin PBXGroup section */
		2118D85C29E31C82006753C0 = {
			isa = PBXGroup;
			children = (
				2118D86729E31C82006753C0 /* Example */,
				212D12FD29E7104A0094560E /* ExampleTests */,
				2118D86629E31C82006753C0 /* Products */,
				2118D87729E31F8C006753C0 /* Frameworks */,
			);
			sourceTree = "<group>";
		};
		2118D86629E31C82006753C0 /* Products */ = {
			isa = PBXGroup;
			children = (
				2118D86529E31C82006753C0 /* Example.app */,
				212D12FC29E7104A0094560E /* ExampleTests.xctest */,
			);
			name = Products;
			sourceTree = "<group>";
		};
		2118D86729E31C82006753C0 /* Example */ = {
			isa = PBXGroup;
			children = (
				21ACF1CB2A09CD08008587BC /* NFTs */,
				214479D329F19E710087D192 /* Profiles */,
				21DB4DA12A018C4500780876 /* Publications */,
				214479CE29F18A930087D192 /* Feed */,
				218E55A129F0528500EC4271 /* Account */,
				211E0E3129EDFA1200EBE5CB /* Wallet */,
				21BEB5CA29E6F25D008BC970 /* Explore */,
				219F875329E87640004B55C2 /* Shared */,
				2118D86829E31C82006753C0 /* ExampleApp.swift */,
				214D09B12A0AF1EF0051420E /* MacContentView.swift */,
				2118D86A29E31C82006753C0 /* ContentView.swift */,
				211E0E2F29EDEE5200EBE5CB /* ContentViewModel.swift */,
				218E559F29EF246600EC4271 /* FooterView.swift */,
				2118D86C29E31C85006753C0 /* Assets.xcassets */,
				2118D86E29E31C85006753C0 /* Example.entitlements */,
				2118D86F29E31C85006753C0 /* Preview Content */,
				212D130B29E71FF00094560E /* World.swift */,
			);
			path = Example;
			sourceTree = "<group>";
		};
		2118D86F29E31C85006753C0 /* Preview Content */ = {
			isa = PBXGroup;
			children = (
				2118D87029E31C85006753C0 /* Preview Assets.xcassets */,
			);
			path = "Preview Content";
			sourceTree = "<group>";
		};
		2118D87729E31F8C006753C0 /* Frameworks */ = {
			isa = PBXGroup;
			children = (
			);
			name = Frameworks;
			sourceTree = "<group>";
		};
		211A95142A0C45FC00481EAF /* User */ = {
			isa = PBXGroup;
			children = (
				211A95162A0C461A00481EAF /* List */,
				211A95152A0C460900481EAF /* Detail */,
			);
			path = User;
			sourceTree = "<group>";
		};
		211A95152A0C460900481EAF /* Detail */ = {
			isa = PBXGroup;
			children = (
				211A953D2A0D794C00481EAF /* Coupon */,
				211A951B2A0C4C2F00481EAF /* Info */,
				211A95402A0DC71A00481EAF /* Key */,
				211A951E2A0C4C4E00481EAF /* Ticket */,
				211A95172A0C463000481EAF /* UserNftDetailView.swift */,
				211A95192A0C464600481EAF /* UserNftDetailViewModel.swift */,
				211A95212A0C4FC900481EAF /* UserNftDetailRepresentationViewModel.swift */,
			);
			path = Detail;
			sourceTree = "<group>";
		};
		211A95162A0C461A00481EAF /* List */ = {
			isa = PBXGroup;
			children = (
				21ACF1CC2A09CD69008587BC /* UserNftsView.swift */,
				21ACF1CE2A09D124008587BC /* UserNftsViewModel.swift */,
				21ACF1D02A0A931B008587BC /* UserNftsGridItemView.swift */,
				214D09AF2A0ABA610051420E /* UserNftsGridItemViewModel.swift */,
				2140C6542A16AEB70081837E /* UserNftsDemo.swift */,
			);
			path = List;
			sourceTree = "<group>";
		};
		211A951B2A0C4C2F00481EAF /* Info */ = {
			isa = PBXGroup;
			children = (
				211A951C2A0C4C4500481EAF /* UserNftDetailInfoView.swift */,
			);
			path = Info;
			sourceTree = "<group>";
		};
		211A951E2A0C4C4E00481EAF /* Ticket */ = {
			isa = PBXGroup;
			children = (
				211A952A2A0D693000481EAF /* TicketView */,
				211A951F2A0C4C6700481EAF /* UserNftDetailTicketView.swift */,
			);
			path = Ticket;
			sourceTree = "<group>";
		};
		211A952A2A0D693000481EAF /* TicketView */ = {
			isa = PBXGroup;
			children = (
				211A952B2A0D693C00481EAF /* TopTicketView.swift */,
				211A952D2A0D697B00481EAF /* TicketDetailsView.swift */,
				211A952F2A0D699E00481EAF /* BottomTicketView.swift */,
				211A95312A0D69AF00481EAF /* FullWidthModifier.swift */,
				211A95332A0D69C300481EAF /* TicketView.swift */,
				211A95352A0D69D600481EAF /* CardStyleModifier.swift */,
				211A95372A0D69E900481EAF /* DashedSeparator.swift */,
				211A95392A0D69F800481EAF /* TicketShape.swift */,
				211A953B2A0D781000481EAF /* README.md */,
			);
			path = TicketView;
			sourceTree = "<group>";
		};
		211A953D2A0D794C00481EAF /* Coupon */ = {
			isa = PBXGroup;
			children = (
				211A953E2A0D796600481EAF /* UserNftDetailCouponView.swift */,
			);
			path = Coupon;
			sourceTree = "<group>";
		};
		211A95402A0DC71A00481EAF /* Key */ = {
			isa = PBXGroup;
			children = (
				211A95412A0DC72E00481EAF /* UserNftDetailKeyView.swift */,
				211A95462A0E762000481EAF /* lock-unlock-key.json */,
				211A95482A0E764500481EAF /* README.md */,
			);
			path = Key;
			sourceTree = "<group>";
		};
		211E0E3129EDFA1200EBE5CB /* Wallet */ = {
			isa = PBXGroup;
			children = (
				211E0E3229EDFA2200EBE5CB /* Wallet.swift */,
			);
			path = Wallet;
			sourceTree = "<group>";
		};
		212D12FD29E7104A0094560E /* ExampleTests */ = {
			isa = PBXGroup;
			children = (
				219F875029E87376004B55C2 /* Extensions */,
				212D130529E7109D0094560E /* Explore */,
				2138DA8B2A4DB098002BC608 /* Configuration.swift */,
				2138DA8D2A4DB1B6002BC608 /* TestObserver.swift */,
			);
			path = ExampleTests;
			sourceTree = "<group>";
		};
		212D130529E7109D0094560E /* Explore */ = {
			isa = PBXGroup;
			children = (
				212D130629E710AC0094560E /* Publications */,
			);
			path = Explore;
			sourceTree = "<group>";
		};
		212D130629E710AC0094560E /* Publications */ = {
			isa = PBXGroup;
			children = (
				21AEAA932A4B37C3009F6B4C /* Mocks */,
				219EB43D2A4C8C1C0082178C /* ExplorePublicationsIntegrationTests.swift */,
				212D130729E710C30094560E /* ExplorePublicationsViewModelTests.swift */,
				213F8FA429E732A300473E5B /* ExplorePublicationsViewSnapshotTests.swift */,
				21AEAA962A4B390A009F6B4C /* ExplorePublicationsInteractorTests.swift */,
			);
			path = Publications;
			sourceTree = "<group>";
		};
		214479CE29F18A930087D192 /* Feed */ = {
			isa = PBXGroup;
			children = (
				214479CF29F18AA30087D192 /* FeedView.swift */,
				214479D129F18AAD0087D192 /* FeedViewModel.swift */,
			);
			path = Feed;
			sourceTree = "<group>";
		};
		214479D329F19E710087D192 /* Profiles */ = {
			isa = PBXGroup;
			children = (
				211A95512A0ECA4A00481EAF /* profile-placeholder.png */,
				214479D729F1A18F0087D192 /* Create */,
				218E15D62A12BF05006F5C59 /* Detail */,
				21DB4D9229FDC23900780876 /* Profile */,
				214479D429F19E780087D192 /* Select */,
			);
			path = Profiles;
			sourceTree = "<group>";
		};
		214479D429F19E780087D192 /* Select */ = {
			isa = PBXGroup;
			children = (
				214479D529F19E870087D192 /* SelectProfileView.swift */,
				21C1283D29F1B3DC00E813ED /* SelectProfileViewModel.swift */,
			);
			path = Select;
			sourceTree = "<group>";
		};
		214479D729F1A18F0087D192 /* Create */ = {
			isa = PBXGroup;
			children = (
				214479D829F1A19B0087D192 /* CreateProfileView.swift */,
				214479DA29F1A1BC0087D192 /* CreateProfileViewModel.swift */,
			);
			path = Create;
			sourceTree = "<group>";
		};
		218E15D62A12BF05006F5C59 /* Detail */ = {
			isa = PBXGroup;
			children = (
				218E15D72A12BF11006F5C59 /* ProfileDetailView.swift */,
				218E15D92A12BF9D006F5C59 /* ProfileDetailViewModel.swift */,
			);
			path = Detail;
			sourceTree = "<group>";
		};
		218E55A129F0528500EC4271 /* Account */ = {
			isa = PBXGroup;
			children = (
				218E55A229F0529300EC4271 /* AccountView.swift */,
				218E55A429F0C22100EC4271 /* AccountViewModel.swift */,
			);
			path = Account;
			sourceTree = "<group>";
		};
		219F875029E87376004B55C2 /* Extensions */ = {
			isa = PBXGroup;
			children = (
				219F875129E87384004B55C2 /* Snapshotting+Tests.swift */,
			);
			path = Extensions;
			sourceTree = "<group>";
		};
		219F875329E87640004B55C2 /* Shared */ = {
			isa = PBXGroup;
			children = (
				219F875B29E87975004B55C2 /* Extensions */,
				219F875429E8764B004B55C2 /* Views */,
				21DB4D6729F9844000780876 /* CurrentUser.swift */,
				219F876429E88C6F004B55C2 /* Formatters.swift */,
				219F877429E8A058004B55C2 /* MediaType.swift */,
			);
			path = Shared;
			sourceTree = "<group>";
		};
		219F875429E8764B004B55C2 /* Views */ = {
			isa = PBXGroup;
			children = (
				21DB4D9729FEFD7700780876 /* NavigationBar */,
				21C1284429F2D3CE00E813ED /* AnimatedGradientView.swift */,
				211A954A2A0E76E900481EAF /* LottieView.swift */,
				21C1284629F2D73C00E813ED /* PrimaryButton.swift */,
				21DB4D6929F997D500780876 /* HeadingText.swift */,
				21DB4D6B29F9983A00780876 /* SubheadingText.swift */,
				21DB4D7229FC12B700780876 /* VerticalLine.swift */,
				211A954C2A0E9BB900481EAF /* MediaView.swift */,
				218E15DB2A1452FD006F5C59 /* SecondaryButton.swift */,
			);
			path = Views;
			sourceTree = "<group>";
		};
		219F875B29E87975004B55C2 /* Extensions */ = {
			isa = PBXGroup;
			children = (
				219F875C29E87985004B55C2 /* View+Example.swift */,
				219F876C29E894B8004B55C2 /* KFImage+Example.swift */,
				21C1284829F3108000E813ED /* String+Example.swift */,
			);
			path = Extensions;
			sourceTree = "<group>";
		};
		219F875E29E87B98004B55C2 /* PostRow */ = {
			isa = PBXGroup;
			children = (
				219F875529E87657004B55C2 /* PostRow.swift */,
				219F875729E87749004B55C2 /* PostRowModel.swift */,
			);
			path = PostRow;
			sourceTree = "<group>";
		};
		219F875F29E87BA2004B55C2 /* CommentRow */ = {
			isa = PBXGroup;
			children = (
				219F876029E87BB2004B55C2 /* CommentRow.swift */,
				219F876229E87BBD004B55C2 /* CommentRowModel.swift */,
			);
			path = CommentRow;
			sourceTree = "<group>";
		};
		219F876E29E897B2004B55C2 /* PubBylineView */ = {
			isa = PBXGroup;
			children = (
				219F876F29E897BD004B55C2 /* PubBylineView.swift */,
			);
			path = PubBylineView;
			sourceTree = "<group>";
		};
		219F877129E8988E004B55C2 /* PubContentView */ = {
			isa = PBXGroup;
			children = (
				219F877229E898D1004B55C2 /* PubContentView.swift */,
			);
			path = PubContentView;
			sourceTree = "<group>";
		};
		21ACF1CB2A09CD08008587BC /* NFTs */ = {
			isa = PBXGroup;
			children = (
				211A95142A0C45FC00481EAF /* User */,
			);
			path = NFTs;
			sourceTree = "<group>";
		};
		21AEAA932A4B37C3009F6B4C /* Mocks */ = {
			isa = PBXGroup;
			children = (
				21AEAA942A4B37D0009F6B4C /* MockExplorePublicationsInteractor.swift */,
			);
			path = Mocks;
			sourceTree = "<group>";
		};
		21BEB5CA29E6F25D008BC970 /* Explore */ = {
			isa = PBXGroup;
			children = (
				21BEB5CB29E6F263008BC970 /* Publications */,
			);
			path = Explore;
			sourceTree = "<group>";
		};
		21BEB5CB29E6F263008BC970 /* Publications */ = {
			isa = PBXGroup;
			children = (
				21BEB5CC29E6F273008BC970 /* ExplorePublicationsView.swift */,
				21BEB5CE29E6F45C008BC970 /* ExplorePublicationsViewModel.swift */,
				21AEAA912A4B262E009F6B4C /* ExplorePublicationsInteractor.swift */,
			);
			path = Publications;
			sourceTree = "<group>";
		};
		21DB4D4629F5CBA100780876 /* PubStatsView */ = {
			isa = PBXGroup;
			children = (
				21DB4D4729F5CBB600780876 /* PubStatsView.swift */,
				21B408FA2A06C36B0008D23A /* PubStatsViewModel.swift */,
				21B408FC2A06E4260008D23A /* PubStatView.swift */,
			);
			path = PubStatsView;
			sourceTree = "<group>";
		};
		21DB4D6D29FBD14200780876 /* ThreadView */ = {
			isa = PBXGroup;
			children = (
				21DB4D6E29FBD15900780876 /* ThreadView.swift */,
				21DB4D7029FBD16800780876 /* ThreadViewModel.swift */,
			);
			path = ThreadView;
			sourceTree = "<group>";
		};
		21DB4D9229FDC23900780876 /* Profile */ = {
			isa = PBXGroup;
			children = (
				21DB4D9329FDC24A00780876 /* ProfileView.swift */,
				21DB4D9529FDC25B00780876 /* ProfileViewModel.swift */,
			);
			path = Profile;
			sourceTree = "<group>";
		};
		21DB4D9729FEFD7700780876 /* NavigationBar */ = {
			isa = PBXGroup;
			children = (
				21DB4D9829FEFD8600780876 /* BackButton.swift */,
			);
			path = NavigationBar;
			sourceTree = "<group>";
		};
		21DB4D9C2A004DDE00780876 /* PublicationRowContentView */ = {
			isa = PBXGroup;
			children = (
				21DB4D9A2A0048D100780876 /* PublicationRowContentView.swift */,
				21DB4D9D2A004DEF00780876 /* PublicationRowContentViewModel.swift */,
				21DB4D9F2A004EAD00780876 /* PublicationRowDestination.swift */,
			);
			path = PublicationRowContentView;
			sourceTree = "<group>";
		};
		21DB4DA12A018C4500780876 /* Publications */ = {
			isa = PBXGroup;
			children = (
				21E2B2532A097D8A00F45FD1 /* Collect */,
				21DB4D6D29FBD14200780876 /* ThreadView */,
				21DB4D4629F5CBA100780876 /* PubStatsView */,
				219F876E29E897B2004B55C2 /* PubBylineView */,
				219F877129E8988E004B55C2 /* PubContentView */,
				21DB4D9C2A004DDE00780876 /* PublicationRowContentView */,
				21E2B2522A0975A000F45FD1 /* PublicationRow */,
				219F875F29E87BA2004B55C2 /* CommentRow */,
				219F875E29E87B98004B55C2 /* PostRow */,
				21DB4DA22A018C5400780876 /* PublicationsView.swift */,
				21DB4DA42A018C6000780876 /* PublicationsViewModel.swift */,
			);
			path = Publications;
			sourceTree = "<group>";
		};
		21E2B2522A0975A000F45FD1 /* PublicationRow */ = {
			isa = PBXGroup;
			children = (
				219F875929E87875004B55C2 /* PublicationRow.swift */,
				21C1284A29F3114100E813ED /* PublicationRowModel.swift */,
			);
			path = PublicationRow;
			sourceTree = "<group>";
		};
		21E2B2532A097D8A00F45FD1 /* Collect */ = {
			isa = PBXGroup;
			children = (
				21E2B2542A097DA400F45FD1 /* ConfirmCollectView.swift */,
				21E2B2562A098F5B00F45FD1 /* ConfirmCollectViewModel.swift */,
			);
			path = Collect;
			sourceTree = "<group>";
		};
/* End PBXGroup section */

/* Begin PBXNativeTarget section */
		2118D86429E31C82006753C0 /* Example */ = {
			isa = PBXNativeTarget;
			buildConfigurationList = 2118D87429E31C85006753C0 /* Build configuration list for PBXNativeTarget "Example" */;
			buildPhases = (
				2118D86129E31C82006753C0 /* Sources */,
				2118D86229E31C82006753C0 /* Frameworks */,
				2118D86329E31C82006753C0 /* Resources */,
			);
			buildRules = (
			);
			dependencies = (
			);
			name = Example;
			packageProductDependencies = (
				2118D87829E31F8C006753C0 /* Lens */,
				219F876729E88F27004B55C2 /* Kingfisher */,
				211E0E2D29EDD55200EBE5CB /* MagicSDK */,
				21C1284229F2D32E00E813ED /* FluidGradient */,
				211A95242A0C520400481EAF /* EFQRCode */,
				211A95442A0E75AA00481EAF /* Lottie */,
				211A954F2A0EA44F00481EAF /* SVGView */,
			);
			productName = Example;
			productReference = 2118D86529E31C82006753C0 /* Example.app */;
			productType = "com.apple.product-type.application";
		};
		212D12FB29E7104A0094560E /* ExampleTests */ = {
			isa = PBXNativeTarget;
			buildConfigurationList = 212D130429E7104A0094560E /* Build configuration list for PBXNativeTarget "ExampleTests" */;
			buildPhases = (
				212D12F829E7104A0094560E /* Sources */,
				212D12F929E7104A0094560E /* Frameworks */,
				212D12FA29E7104A0094560E /* Resources */,
			);
			buildRules = (
			);
			dependencies = (
				212D130129E7104A0094560E /* PBXTargetDependency */,
			);
			name = ExampleTests;
			packageProductDependencies = (
				212D130929E71FC80094560E /* LensTestTools */,
				213F8FA229E7327C00473E5B /* SnapshotTesting */,
				21AEAA8D2A4B209F009F6B4C /* LensTestData */,
				21AEAA8F2A4B20B0009F6B4C /* MagicSDK */,
				219EB43B2A4C8BED0082178C /* ViewInspector */,
			);
			productName = ExampleTests;
			productReference = 212D12FC29E7104A0094560E /* ExampleTests.xctest */;
			productType = "com.apple.product-type.bundle.unit-test";
		};
/* End PBXNativeTarget section */

/* Begin PBXProject section */
		2118D85D29E31C82006753C0 /* Project object */ = {
			isa = PBXProject;
			attributes = {
				BuildIndependentTargetsInParallel = 1;
				LastSwiftUpdateCheck = 1430;
				LastUpgradeCheck = 1430;
				TargetAttributes = {
					2118D86429E31C82006753C0 = {
						CreatedOnToolsVersion = 14.3;
					};
					212D12FB29E7104A0094560E = {
						CreatedOnToolsVersion = 14.3;
						TestTargetID = 2118D86429E31C82006753C0;
					};
				};
			};
			buildConfigurationList = 2118D86029E31C82006753C0 /* Build configuration list for PBXProject "Example" */;
			compatibilityVersion = "Xcode 14.0";
			developmentRegion = en;
			hasScannedForEncodings = 0;
			knownRegions = (
				en,
				Base,
			);
			mainGroup = 2118D85C29E31C82006753C0;
			packageReferences = (
				213F8FA129E7327C00473E5B /* XCRemoteSwiftPackageReference "swift-snapshot-testing" */,
				219F876629E88F27004B55C2 /* XCRemoteSwiftPackageReference "Kingfisher" */,
				211E0E2C29EDD55200EBE5CB /* XCRemoteSwiftPackageReference "magic-ios" */,
				21C1284129F2D32E00E813ED /* XCRemoteSwiftPackageReference "FluidGradient" */,
				211A95232A0C520400481EAF /* XCRemoteSwiftPackageReference "EFQRCode" */,
				211A95432A0E75AA00481EAF /* XCRemoteSwiftPackageReference "lottie-spm" */,
				211A954E2A0EA44F00481EAF /* XCRemoteSwiftPackageReference "SVGView" */,
				219EB43A2A4C8BED0082178C /* XCRemoteSwiftPackageReference "ViewInspector" */,
			);
			productRefGroup = 2118D86629E31C82006753C0 /* Products */;
			projectDirPath = "";
			projectRoot = "";
			targets = (
				2118D86429E31C82006753C0 /* Example */,
				212D12FB29E7104A0094560E /* ExampleTests */,
			);
		};
/* End PBXProject section */

/* Begin PBXResourcesBuildPhase section */
		2118D86329E31C82006753C0 /* Resources */ = {
			isa = PBXResourcesBuildPhase;
			buildActionMask = 2147483647;
			files = (
				211A95472A0E762000481EAF /* lock-unlock-key.json in Resources */,
				2118D87129E31C85006753C0 /* Preview Assets.xcassets in Resources */,
				211A95522A0ECA4A00481EAF /* profile-placeholder.png in Resources */,
				2118D86D29E31C85006753C0 /* Assets.xcassets in Resources */,
			);
			runOnlyForDeploymentPostprocessing = 0;
		};
		212D12FA29E7104A0094560E /* Resources */ = {
			isa = PBXResourcesBuildPhase;
			buildActionMask = 2147483647;
			files = (
			);
			runOnlyForDeploymentPostprocessing = 0;
		};
/* End PBXResourcesBuildPhase section */

/* Begin PBXSourcesBuildPhase section */
		2118D86129E31C82006753C0 /* Sources */ = {
			isa = PBXSourcesBuildPhase;
			buildActionMask = 2147483647;
			files = (
				21ACF1CD2A09CD69008587BC /* UserNftsView.swift in Sources */,
				211A95342A0D69C300481EAF /* TicketView.swift in Sources */,
				219F875D29E87985004B55C2 /* View+Example.swift in Sources */,
				21DB4D9429FDC24A00780876 /* ProfileView.swift in Sources */,
				218E55A529F0C22100EC4271 /* AccountViewModel.swift in Sources */,
				211A95382A0D69E900481EAF /* DashedSeparator.swift in Sources */,
				21DB4D9B2A0048D100780876 /* PublicationRowContentView.swift in Sources */,
				2118D86B29E31C82006753C0 /* ContentView.swift in Sources */,
				218E55A029EF246600EC4271 /* FooterView.swift in Sources */,
				211A95182A0C463000481EAF /* UserNftDetailView.swift in Sources */,
				211A95202A0C4C6700481EAF /* UserNftDetailTicketView.swift in Sources */,
				211A953A2A0D69F800481EAF /* TicketShape.swift in Sources */,
				21C1284929F3108000E813ED /* String+Example.swift in Sources */,
				21DB4DA52A018C6000780876 /* PublicationsViewModel.swift in Sources */,
				211A95222A0C4FC900481EAF /* UserNftDetailRepresentationViewModel.swift in Sources */,
				21BEB5CF29E6F45C008BC970 /* ExplorePublicationsViewModel.swift in Sources */,
				21C1283E29F1B3DC00E813ED /* SelectProfileViewModel.swift in Sources */,
				211A95422A0DC72E00481EAF /* UserNftDetailKeyView.swift in Sources */,
				21DB4D9E2A004DEF00780876 /* PublicationRowContentViewModel.swift in Sources */,
				218E55A329F0529300EC4271 /* AccountView.swift in Sources */,
				214479D229F18AAD0087D192 /* FeedViewModel.swift in Sources */,
				214479D029F18AA30087D192 /* FeedView.swift in Sources */,
				211E0E3029EDEE5200EBE5CB /* ContentViewModel.swift in Sources */,
				211A952C2A0D693C00481EAF /* TopTicketView.swift in Sources */,
				211A954D2A0E9BB900481EAF /* MediaView.swift in Sources */,
				211A954B2A0E76E900481EAF /* LottieView.swift in Sources */,
				21ACF1D12A0A931B008587BC /* UserNftsGridItemView.swift in Sources */,
				21DB4D7129FBD16800780876 /* ThreadViewModel.swift in Sources */,
				214479D929F1A19B0087D192 /* CreateProfileView.swift in Sources */,
				218E15D82A12BF11006F5C59 /* ProfileDetailView.swift in Sources */,
				21DB4D9629FDC25B00780876 /* ProfileViewModel.swift in Sources */,
				214D09B22A0AF1EF0051420E /* MacContentView.swift in Sources */,
				219F875A29E87875004B55C2 /* PublicationRow.swift in Sources */,
				21DB4DA02A004EAD00780876 /* PublicationRowDestination.swift in Sources */,
				21DB4D6829F9844000780876 /* CurrentUser.swift in Sources */,
				21B408FB2A06C36B0008D23A /* PubStatsViewModel.swift in Sources */,
				21DB4D6F29FBD15900780876 /* ThreadView.swift in Sources */,
				214D09B02A0ABA610051420E /* UserNftsGridItemViewModel.swift in Sources */,
				211A95302A0D699E00481EAF /* BottomTicketView.swift in Sources */,
				21ACF1CF2A09D124008587BC /* UserNftsViewModel.swift in Sources */,
				211A953F2A0D796600481EAF /* UserNftDetailCouponView.swift in Sources */,
				219F876D29E894B8004B55C2 /* KFImage+Example.swift in Sources */,
				211A952E2A0D697B00481EAF /* TicketDetailsView.swift in Sources */,
				21E2B2572A098F5B00F45FD1 /* ConfirmCollectViewModel.swift in Sources */,
				211E0E3329EDFA2200EBE5CB /* Wallet.swift in Sources */,
				219F877329E898D1004B55C2 /* PubContentView.swift in Sources */,
				21DB4D7329FC12B700780876 /* VerticalLine.swift in Sources */,
				21BEB5CD29E6F273008BC970 /* ExplorePublicationsView.swift in Sources */,
				211A951D2A0C4C4500481EAF /* UserNftDetailInfoView.swift in Sources */,
				219F876529E88C6F004B55C2 /* Formatters.swift in Sources */,
				21DB4D6A29F997D500780876 /* HeadingText.swift in Sources */,
				21E2B2552A097DA400F45FD1 /* ConfirmCollectView.swift in Sources */,
				21AEAA922A4B262E009F6B4C /* ExplorePublicationsInteractor.swift in Sources */,
				219F877029E897BD004B55C2 /* PubBylineView.swift in Sources */,
				21DB4D9929FEFD8600780876 /* BackButton.swift in Sources */,
				219F876329E87BBD004B55C2 /* CommentRowModel.swift in Sources */,
				21DB4DA32A018C5400780876 /* PublicationsView.swift in Sources */,
				2118D86929E31C82006753C0 /* ExampleApp.swift in Sources */,
				219F876129E87BB2004B55C2 /* CommentRow.swift in Sources */,
				21C1284B29F3114100E813ED /* PublicationRowModel.swift in Sources */,
				21C1284529F2D3CE00E813ED /* AnimatedGradientView.swift in Sources */,
				218E15DC2A1452FD006F5C59 /* SecondaryButton.swift in Sources */,
				211A95322A0D69AF00481EAF /* FullWidthModifier.swift in Sources */,
				218E15DA2A12BF9E006F5C59 /* ProfileDetailViewModel.swift in Sources */,
				211A95362A0D69D600481EAF /* CardStyleModifier.swift in Sources */,
				2140C6552A16AEB70081837E /* UserNftsDemo.swift in Sources */,
				219F877529E8A058004B55C2 /* MediaType.swift in Sources */,
				21C1284729F2D73C00E813ED /* PrimaryButton.swift in Sources */,
				219F875629E87657004B55C2 /* PostRow.swift in Sources */,
				219F875829E87749004B55C2 /* PostRowModel.swift in Sources */,
				21B408FD2A06E4260008D23A /* PubStatView.swift in Sources */,
				214479D629F19E870087D192 /* SelectProfileView.swift in Sources */,
				214479DB29F1A1BC0087D192 /* CreateProfileViewModel.swift in Sources */,
				211A951A2A0C464600481EAF /* UserNftDetailViewModel.swift in Sources */,
				21DB4D4829F5CBB600780876 /* PubStatsView.swift in Sources */,
				21DB4D6C29F9983A00780876 /* SubheadingText.swift in Sources */,
				212D130C29E71FF00094560E /* World.swift in Sources */,
			);
			runOnlyForDeploymentPostprocessing = 0;
		};
		212D12F829E7104A0094560E /* Sources */ = {
			isa = PBXSourcesBuildPhase;
			buildActionMask = 2147483647;
			files = (
				219EB43E2A4C8C1C0082178C /* ExplorePublicationsIntegrationTests.swift in Sources */,
				212D130829E710C30094560E /* ExplorePublicationsViewModelTests.swift in Sources */,
				2138DA8C2A4DB098002BC608 /* Configuration.swift in Sources */,
				213F8FA529E732A300473E5B /* ExplorePublicationsViewSnapshotTests.swift in Sources */,
				219F875229E87384004B55C2 /* Snapshotting+Tests.swift in Sources */,
				2138DA8E2A4DB1B6002BC608 /* TestObserver.swift in Sources */,
				21AEAA952A4B37D0009F6B4C /* MockExplorePublicationsInteractor.swift in Sources */,
				21AEAA972A4B390A009F6B4C /* ExplorePublicationsInteractorTests.swift in Sources */,
			);
			runOnlyForDeploymentPostprocessing = 0;
		};
/* End PBXSourcesBuildPhase section */

/* Begin PBXTargetDependency section */
		212D130129E7104A0094560E /* PBXTargetDependency */ = {
			isa = PBXTargetDependency;
			target = 2118D86429E31C82006753C0 /* Example */;
			targetProxy = 212D130029E7104A0094560E /* PBXContainerItemProxy */;
		};
/* End PBXTargetDependency section */

/* Begin XCBuildConfiguration section */
		2118D87229E31C85006753C0 /* Debug */ = {
			isa = XCBuildConfiguration;
			buildSettings = {
				ALWAYS_SEARCH_USER_PATHS = NO;
				CLANG_ANALYZER_NONNULL = YES;
				CLANG_ANALYZER_NUMBER_OBJECT_CONVERSION = YES_AGGRESSIVE;
				CLANG_CXX_LANGUAGE_STANDARD = "gnu++20";
				CLANG_ENABLE_MODULES = YES;
				CLANG_ENABLE_OBJC_ARC = YES;
				CLANG_ENABLE_OBJC_WEAK = YES;
				CLANG_WARN_BLOCK_CAPTURE_AUTORELEASING = YES;
				CLANG_WARN_BOOL_CONVERSION = YES;
				CLANG_WARN_COMMA = YES;
				CLANG_WARN_CONSTANT_CONVERSION = YES;
				CLANG_WARN_DEPRECATED_OBJC_IMPLEMENTATIONS = YES;
				CLANG_WARN_DIRECT_OBJC_ISA_USAGE = YES_ERROR;
				CLANG_WARN_DOCUMENTATION_COMMENTS = YES;
				CLANG_WARN_EMPTY_BODY = YES;
				CLANG_WARN_ENUM_CONVERSION = YES;
				CLANG_WARN_INFINITE_RECURSION = YES;
				CLANG_WARN_INT_CONVERSION = YES;
				CLANG_WARN_NON_LITERAL_NULL_CONVERSION = YES;
				CLANG_WARN_OBJC_IMPLICIT_RETAIN_SELF = YES;
				CLANG_WARN_OBJC_LITERAL_CONVERSION = YES;
				CLANG_WARN_OBJC_ROOT_CLASS = YES_ERROR;
				CLANG_WARN_QUOTED_INCLUDE_IN_FRAMEWORK_HEADER = YES;
				CLANG_WARN_RANGE_LOOP_ANALYSIS = YES;
				CLANG_WARN_STRICT_PROTOTYPES = YES;
				CLANG_WARN_SUSPICIOUS_MOVE = YES;
				CLANG_WARN_UNGUARDED_AVAILABILITY = YES_AGGRESSIVE;
				CLANG_WARN_UNREACHABLE_CODE = YES;
				CLANG_WARN__DUPLICATE_METHOD_MATCH = YES;
				COPY_PHASE_STRIP = NO;
				DEBUG_INFORMATION_FORMAT = dwarf;
				ENABLE_STRICT_OBJC_MSGSEND = YES;
				ENABLE_TESTABILITY = YES;
				GCC_C_LANGUAGE_STANDARD = gnu11;
				GCC_DYNAMIC_NO_PIC = NO;
				GCC_NO_COMMON_BLOCKS = YES;
				GCC_OPTIMIZATION_LEVEL = 0;
				GCC_PREPROCESSOR_DEFINITIONS = (
					"DEBUG=1",
					"$(inherited)",
				);
				GCC_WARN_64_TO_32_BIT_CONVERSION = YES;
				GCC_WARN_ABOUT_RETURN_TYPE = YES_ERROR;
				GCC_WARN_UNDECLARED_SELECTOR = YES;
				GCC_WARN_UNINITIALIZED_AUTOS = YES_AGGRESSIVE;
				GCC_WARN_UNUSED_FUNCTION = YES;
				GCC_WARN_UNUSED_VARIABLE = YES;
				MTL_ENABLE_DEBUG_INFO = INCLUDE_SOURCE;
				MTL_FAST_MATH = YES;
				ONLY_ACTIVE_ARCH = YES;
				SWIFT_ACTIVE_COMPILATION_CONDITIONS = DEBUG;
				SWIFT_OPTIMIZATION_LEVEL = "-Onone";
			};
			name = Debug;
		};
		2118D87329E31C85006753C0 /* Release */ = {
			isa = XCBuildConfiguration;
			buildSettings = {
				ALWAYS_SEARCH_USER_PATHS = NO;
				CLANG_ANALYZER_NONNULL = YES;
				CLANG_ANALYZER_NUMBER_OBJECT_CONVERSION = YES_AGGRESSIVE;
				CLANG_CXX_LANGUAGE_STANDARD = "gnu++20";
				CLANG_ENABLE_MODULES = YES;
				CLANG_ENABLE_OBJC_ARC = YES;
				CLANG_ENABLE_OBJC_WEAK = YES;
				CLANG_WARN_BLOCK_CAPTURE_AUTORELEASING = YES;
				CLANG_WARN_BOOL_CONVERSION = YES;
				CLANG_WARN_COMMA = YES;
				CLANG_WARN_CONSTANT_CONVERSION = YES;
				CLANG_WARN_DEPRECATED_OBJC_IMPLEMENTATIONS = YES;
				CLANG_WARN_DIRECT_OBJC_ISA_USAGE = YES_ERROR;
				CLANG_WARN_DOCUMENTATION_COMMENTS = YES;
				CLANG_WARN_EMPTY_BODY = YES;
				CLANG_WARN_ENUM_CONVERSION = YES;
				CLANG_WARN_INFINITE_RECURSION = YES;
				CLANG_WARN_INT_CONVERSION = YES;
				CLANG_WARN_NON_LITERAL_NULL_CONVERSION = YES;
				CLANG_WARN_OBJC_IMPLICIT_RETAIN_SELF = YES;
				CLANG_WARN_OBJC_LITERAL_CONVERSION = YES;
				CLANG_WARN_OBJC_ROOT_CLASS = YES_ERROR;
				CLANG_WARN_QUOTED_INCLUDE_IN_FRAMEWORK_HEADER = YES;
				CLANG_WARN_RANGE_LOOP_ANALYSIS = YES;
				CLANG_WARN_STRICT_PROTOTYPES = YES;
				CLANG_WARN_SUSPICIOUS_MOVE = YES;
				CLANG_WARN_UNGUARDED_AVAILABILITY = YES_AGGRESSIVE;
				CLANG_WARN_UNREACHABLE_CODE = YES;
				CLANG_WARN__DUPLICATE_METHOD_MATCH = YES;
				COPY_PHASE_STRIP = NO;
				DEBUG_INFORMATION_FORMAT = "dwarf-with-dsym";
				ENABLE_NS_ASSERTIONS = NO;
				ENABLE_STRICT_OBJC_MSGSEND = YES;
				GCC_C_LANGUAGE_STANDARD = gnu11;
				GCC_NO_COMMON_BLOCKS = YES;
				GCC_WARN_64_TO_32_BIT_CONVERSION = YES;
				GCC_WARN_ABOUT_RETURN_TYPE = YES_ERROR;
				GCC_WARN_UNDECLARED_SELECTOR = YES;
				GCC_WARN_UNINITIALIZED_AUTOS = YES_AGGRESSIVE;
				GCC_WARN_UNUSED_FUNCTION = YES;
				GCC_WARN_UNUSED_VARIABLE = YES;
				MTL_ENABLE_DEBUG_INFO = NO;
				MTL_FAST_MATH = YES;
				SWIFT_COMPILATION_MODE = wholemodule;
				SWIFT_OPTIMIZATION_LEVEL = "-O";
			};
			name = Release;
		};
		2118D87529E31C85006753C0 /* Debug */ = {
			isa = XCBuildConfiguration;
			buildSettings = {
				ASSETCATALOG_COMPILER_APPICON_NAME = AppIcon;
				ASSETCATALOG_COMPILER_GLOBAL_ACCENT_COLOR_NAME = AccentColor;
				CODE_SIGN_ENTITLEMENTS = Example/Example.entitlements;
				CODE_SIGN_STYLE = Automatic;
				CURRENT_PROJECT_VERSION = 1;
				DEVELOPMENT_ASSET_PATHS = "\"Example/Preview Content\"";
				DEVELOPMENT_TEAM = RBAYG54ZP6;
				ENABLE_HARDENED_RUNTIME = YES;
				ENABLE_PREVIEWS = YES;
				GENERATE_INFOPLIST_FILE = YES;
				"INFOPLIST_KEY_UIApplicationSceneManifest_Generation[sdk=iphoneos*]" = YES;
				"INFOPLIST_KEY_UIApplicationSceneManifest_Generation[sdk=iphonesimulator*]" = YES;
				"INFOPLIST_KEY_UIApplicationSupportsIndirectInputEvents[sdk=iphoneos*]" = YES;
				"INFOPLIST_KEY_UIApplicationSupportsIndirectInputEvents[sdk=iphonesimulator*]" = YES;
				"INFOPLIST_KEY_UILaunchScreen_Generation[sdk=iphoneos*]" = YES;
				"INFOPLIST_KEY_UILaunchScreen_Generation[sdk=iphonesimulator*]" = YES;
				"INFOPLIST_KEY_UIStatusBarStyle[sdk=iphoneos*]" = UIStatusBarStyleDefault;
				"INFOPLIST_KEY_UIStatusBarStyle[sdk=iphonesimulator*]" = UIStatusBarStyleDefault;
				INFOPLIST_KEY_UISupportedInterfaceOrientations_iPad = "UIInterfaceOrientationPortrait UIInterfaceOrientationPortraitUpsideDown UIInterfaceOrientationLandscapeLeft UIInterfaceOrientationLandscapeRight";
				INFOPLIST_KEY_UISupportedInterfaceOrientations_iPhone = "UIInterfaceOrientationPortrait UIInterfaceOrientationLandscapeLeft UIInterfaceOrientationLandscapeRight";
				IPHONEOS_DEPLOYMENT_TARGET = 16.0;
				LD_RUNPATH_SEARCH_PATHS = "@executable_path/Frameworks";
				"LD_RUNPATH_SEARCH_PATHS[sdk=macosx*]" = "@executable_path/../Frameworks";
				MACOSX_DEPLOYMENT_TARGET = 13.0;
				MARKETING_VERSION = 1.0;
				PRODUCT_BUNDLE_IDENTIFIER = com.kevinwolkober.Example;
				PRODUCT_NAME = "$(TARGET_NAME)";
				SDKROOT = auto;
				SUPPORTED_PLATFORMS = "iphoneos iphonesimulator macosx";
				SWIFT_EMIT_LOC_STRINGS = YES;
				SWIFT_VERSION = 5.0;
				TARGETED_DEVICE_FAMILY = "1,2";
			};
			name = Debug;
		};
		2118D87629E31C85006753C0 /* Release */ = {
			isa = XCBuildConfiguration;
			buildSettings = {
				ASSETCATALOG_COMPILER_APPICON_NAME = AppIcon;
				ASSETCATALOG_COMPILER_GLOBAL_ACCENT_COLOR_NAME = AccentColor;
				CODE_SIGN_ENTITLEMENTS = Example/Example.entitlements;
				CODE_SIGN_STYLE = Automatic;
				CURRENT_PROJECT_VERSION = 1;
				DEVELOPMENT_ASSET_PATHS = "\"Example/Preview Content\"";
				DEVELOPMENT_TEAM = RBAYG54ZP6;
				ENABLE_HARDENED_RUNTIME = YES;
				ENABLE_PREVIEWS = YES;
				GENERATE_INFOPLIST_FILE = YES;
				"INFOPLIST_KEY_UIApplicationSceneManifest_Generation[sdk=iphoneos*]" = YES;
				"INFOPLIST_KEY_UIApplicationSceneManifest_Generation[sdk=iphonesimulator*]" = YES;
				"INFOPLIST_KEY_UIApplicationSupportsIndirectInputEvents[sdk=iphoneos*]" = YES;
				"INFOPLIST_KEY_UIApplicationSupportsIndirectInputEvents[sdk=iphonesimulator*]" = YES;
				"INFOPLIST_KEY_UILaunchScreen_Generation[sdk=iphoneos*]" = YES;
				"INFOPLIST_KEY_UILaunchScreen_Generation[sdk=iphonesimulator*]" = YES;
				"INFOPLIST_KEY_UIStatusBarStyle[sdk=iphoneos*]" = UIStatusBarStyleDefault;
				"INFOPLIST_KEY_UIStatusBarStyle[sdk=iphonesimulator*]" = UIStatusBarStyleDefault;
				INFOPLIST_KEY_UISupportedInterfaceOrientations_iPad = "UIInterfaceOrientationPortrait UIInterfaceOrientationPortraitUpsideDown UIInterfaceOrientationLandscapeLeft UIInterfaceOrientationLandscapeRight";
				INFOPLIST_KEY_UISupportedInterfaceOrientations_iPhone = "UIInterfaceOrientationPortrait UIInterfaceOrientationLandscapeLeft UIInterfaceOrientationLandscapeRight";
				IPHONEOS_DEPLOYMENT_TARGET = 16.0;
				LD_RUNPATH_SEARCH_PATHS = "@executable_path/Frameworks";
				"LD_RUNPATH_SEARCH_PATHS[sdk=macosx*]" = "@executable_path/../Frameworks";
				MACOSX_DEPLOYMENT_TARGET = 13.0;
				MARKETING_VERSION = 1.0;
				PRODUCT_BUNDLE_IDENTIFIER = com.kevinwolkober.Example;
				PRODUCT_NAME = "$(TARGET_NAME)";
				SDKROOT = auto;
				SUPPORTED_PLATFORMS = "iphoneos iphonesimulator macosx";
				SWIFT_EMIT_LOC_STRINGS = YES;
				SWIFT_VERSION = 5.0;
				TARGETED_DEVICE_FAMILY = "1,2";
			};
			name = Release;
		};
		212D130229E7104A0094560E /* Debug */ = {
			isa = XCBuildConfiguration;
			buildSettings = {
				BUNDLE_LOADER = "$(TEST_HOST)";
				CODE_SIGN_STYLE = Automatic;
				CURRENT_PROJECT_VERSION = 1;
				DEVELOPMENT_TEAM = RBAYG54ZP6;
				GENERATE_INFOPLIST_FILE = YES;
				INFOPLIST_KEY_NSPrincipalClass = ExampleTests.Configuration;
				IPHONEOS_DEPLOYMENT_TARGET = 16.0;
				MACOSX_DEPLOYMENT_TARGET = 13.0;
				MARKETING_VERSION = 1.0;
				PRODUCT_BUNDLE_IDENTIFIER = com.kevinwolkober.ExampleTests;
				PRODUCT_NAME = "$(TARGET_NAME)";
				SDKROOT = auto;
				SUPPORTED_PLATFORMS = "iphoneos iphonesimulator macosx";
				SWIFT_EMIT_LOC_STRINGS = NO;
				SWIFT_VERSION = 5.0;
				TARGETED_DEVICE_FAMILY = "1,2";
				TEST_HOST = "$(BUILT_PRODUCTS_DIR)/Example.app/$(BUNDLE_EXECUTABLE_FOLDER_PATH)/Example";
			};
			name = Debug;
		};
		212D130329E7104A0094560E /* Release */ = {
			isa = XCBuildConfiguration;
			buildSettings = {
				BUNDLE_LOADER = "$(TEST_HOST)";
				CODE_SIGN_STYLE = Automatic;
				CURRENT_PROJECT_VERSION = 1;
				DEVELOPMENT_TEAM = RBAYG54ZP6;
				GENERATE_INFOPLIST_FILE = YES;
				INFOPLIST_KEY_NSPrincipalClass = ExampleTests.Configuration;
				IPHONEOS_DEPLOYMENT_TARGET = 16.0;
				MACOSX_DEPLOYMENT_TARGET = 13.0;
				MARKETING_VERSION = 1.0;
				PRODUCT_BUNDLE_IDENTIFIER = com.kevinwolkober.ExampleTests;
				PRODUCT_NAME = "$(TARGET_NAME)";
				SDKROOT = auto;
				SUPPORTED_PLATFORMS = "iphoneos iphonesimulator macosx";
				SWIFT_EMIT_LOC_STRINGS = NO;
				SWIFT_VERSION = 5.0;
				TARGETED_DEVICE_FAMILY = "1,2";
				TEST_HOST = "$(BUILT_PRODUCTS_DIR)/Example.app/$(BUNDLE_EXECUTABLE_FOLDER_PATH)/Example";
			};
			name = Release;
		};
/* End XCBuildConfiguration section */

/* Begin XCConfigurationList section */
		2118D86029E31C82006753C0 /* Build configuration list for PBXProject "Example" */ = {
			isa = XCConfigurationList;
			buildConfigurations = (
				2118D87229E31C85006753C0 /* Debug */,
				2118D87329E31C85006753C0 /* Release */,
			);
			defaultConfigurationIsVisible = 0;
			defaultConfigurationName = Release;
		};
		2118D87429E31C85006753C0 /* Build configuration list for PBXNativeTarget "Example" */ = {
			isa = XCConfigurationList;
			buildConfigurations = (
				2118D87529E31C85006753C0 /* Debug */,
				2118D87629E31C85006753C0 /* Release */,
			);
			defaultConfigurationIsVisible = 0;
			defaultConfigurationName = Release;
		};
		212D130429E7104A0094560E /* Build configuration list for PBXNativeTarget "ExampleTests" */ = {
			isa = XCConfigurationList;
			buildConfigurations = (
				212D130229E7104A0094560E /* Debug */,
				212D130329E7104A0094560E /* Release */,
			);
			defaultConfigurationIsVisible = 0;
			defaultConfigurationName = Release;
		};
/* End XCConfigurationList section */

/* Begin XCRemoteSwiftPackageReference section */
		211A95232A0C520400481EAF /* XCRemoteSwiftPackageReference "EFQRCode" */ = {
			isa = XCRemoteSwiftPackageReference;
			repositoryURL = "https://github.com/EFPrefix/EFQRCode.git";
			requirement = {
				kind = upToNextMajorVersion;
				minimumVersion = 6.0.0;
			};
		};
		211A95432A0E75AA00481EAF /* XCRemoteSwiftPackageReference "lottie-spm" */ = {
			isa = XCRemoteSwiftPackageReference;
			repositoryURL = "https://github.com/airbnb/lottie-spm.git";
			requirement = {
				kind = upToNextMajorVersion;
				minimumVersion = 4.0.0;
			};
		};
		211A954E2A0EA44F00481EAF /* XCRemoteSwiftPackageReference "SVGView" */ = {
			isa = XCRemoteSwiftPackageReference;
			repositoryURL = "https://github.com/exyte/SVGView.git";
			requirement = {
				kind = upToNextMajorVersion;
				minimumVersion = 1.0.0;
			};
		};
		211E0E2C29EDD55200EBE5CB /* XCRemoteSwiftPackageReference "magic-ios" */ = {
			isa = XCRemoteSwiftPackageReference;
			repositoryURL = "https://github.com/magiclabs/magic-ios.git";
			requirement = {
				kind = upToNextMajorVersion;
				minimumVersion = 8.0.0;
			};
		};
		213F8FA129E7327C00473E5B /* XCRemoteSwiftPackageReference "swift-snapshot-testing" */ = {
			isa = XCRemoteSwiftPackageReference;
			repositoryURL = "https://github.com/pointfreeco/swift-snapshot-testing";
			requirement = {
				kind = upToNextMajorVersion;
				minimumVersion = 1.0.0;
			};
		};
		219EB43A2A4C8BED0082178C /* XCRemoteSwiftPackageReference "ViewInspector" */ = {
			isa = XCRemoteSwiftPackageReference;
			repositoryURL = "https://github.com/nalexn/ViewInspector";
			requirement = {
				kind = upToNextMajorVersion;
				minimumVersion = 0.9.7;
			};
		};
		219F876629E88F27004B55C2 /* XCRemoteSwiftPackageReference "Kingfisher" */ = {
			isa = XCRemoteSwiftPackageReference;
			repositoryURL = "https://github.com/onevcat/Kingfisher.git";
			requirement = {
				kind = upToNextMajorVersion;
				minimumVersion = 7.0.0;
			};
		};
		21C1284129F2D32E00E813ED /* XCRemoteSwiftPackageReference "FluidGradient" */ = {
			isa = XCRemoteSwiftPackageReference;
			repositoryURL = "https://github.com/Cindori/FluidGradient.git";
			requirement = {
				kind = upToNextMajorVersion;
				minimumVersion = 1.0.0;
			};
		};
/* End XCRemoteSwiftPackageReference section */

/* Begin XCSwiftPackageProductDependency section */
		2118D87829E31F8C006753C0 /* Lens */ = {
			isa = XCSwiftPackageProductDependency;
			productName = Lens;
		};
		211A95242A0C520400481EAF /* EFQRCode */ = {
			isa = XCSwiftPackageProductDependency;
			package = 211A95232A0C520400481EAF /* XCRemoteSwiftPackageReference "EFQRCode" */;
			productName = EFQRCode;
		};
		211A95442A0E75AA00481EAF /* Lottie */ = {
			isa = XCSwiftPackageProductDependency;
			package = 211A95432A0E75AA00481EAF /* XCRemoteSwiftPackageReference "lottie-spm" */;
			productName = Lottie;
		};
		211A954F2A0EA44F00481EAF /* SVGView */ = {
			isa = XCSwiftPackageProductDependency;
			package = 211A954E2A0EA44F00481EAF /* XCRemoteSwiftPackageReference "SVGView" */;
			productName = SVGView;
		};
		211E0E2D29EDD55200EBE5CB /* MagicSDK */ = {
			isa = XCSwiftPackageProductDependency;
			package = 211E0E2C29EDD55200EBE5CB /* XCRemoteSwiftPackageReference "magic-ios" */;
			productName = MagicSDK;
		};
		212D130929E71FC80094560E /* LensTestTools */ = {
			isa = XCSwiftPackageProductDependency;
			productName = LensTestTools;
		};
		213F8FA229E7327C00473E5B /* SnapshotTesting */ = {
			isa = XCSwiftPackageProductDependency;
			package = 213F8FA129E7327C00473E5B /* XCRemoteSwiftPackageReference "swift-snapshot-testing" */;
			productName = SnapshotTesting;
		};
		219EB43B2A4C8BED0082178C /* ViewInspector */ = {
			isa = XCSwiftPackageProductDependency;
			package = 219EB43A2A4C8BED0082178C /* XCRemoteSwiftPackageReference "ViewInspector" */;
			productName = ViewInspector;
		};
		219F876729E88F27004B55C2 /* Kingfisher */ = {
			isa = XCSwiftPackageProductDependency;
			package = 219F876629E88F27004B55C2 /* XCRemoteSwiftPackageReference "Kingfisher" */;
			productName = Kingfisher;
		};
		21AEAA8D2A4B209F009F6B4C /* LensTestData */ = {
			isa = XCSwiftPackageProductDependency;
			productName = LensTestData;
		};
		21AEAA8F2A4B20B0009F6B4C /* MagicSDK */ = {
			isa = XCSwiftPackageProductDependency;
			package = 211E0E2C29EDD55200EBE5CB /* XCRemoteSwiftPackageReference "magic-ios" */;
			productName = MagicSDK;
		};
		21C1284229F2D32E00E813ED /* FluidGradient */ = {
			isa = XCSwiftPackageProductDependency;
			package = 21C1284129F2D32E00E813ED /* XCRemoteSwiftPackageReference "FluidGradient" */;
			productName = FluidGradient;
		};
/* End XCSwiftPackageProductDependency section */
	};
	rootObject = 2118D85D29E31C82006753C0 /* Project object */;
}
